{
  "pins" : [
    {
      "identity" : "chester",
      "kind" : "remoteSourceControl",
      "location" : "https://github.com/JanGorman/Chester.git",
      "state" : {
        "revision" : "f829b4fc0c04efeead201e85b31515d4b75d9097",
        "version" : "0.16.0"
      }
    },
    {
      "identity" : "Catenary",
      "kind" : "remoteSourceControl",
      "location" : "https://github.com/Fleuronic/Catenary",
      "state" : {
        "branch" : "main",
        "revision" : "c6cbd191b304db37ca64ededa4eb858a4adb713b"
      }
    },
    {
      "identity" : "swiftpatterns",
      "kind" : "remoteSourceControl",
      "location" : "https://github.com/benspratling4/SwiftPatterns.git",
      "state" : {
        "revision" : "c2631f7c4b22440f70cb82d1d6edb801c30dd292",
        "version" : "4.3.0"
      }
    },
    {
      "identity" : "swiftphonenumberformatter",
      "kind" : "remoteSourceControl",
      "location" : "https://github.com/benspratling4/SwiftStringFormatter",
      "state" : {
        "revision" : "7e26dc2a9846ff9296a0808a6f24d0c67ba2acbc",
        "version" : "3.0.1"
      }
    }
  ],
  "version" : 2
}
