{
  "pins" : [
    {
      "identity" : "dynamiccolor",
      "kind" : "remoteSourceControl",
      "location" : "https://github.com/yannickl/DynamicColor",
      "state" : {
        "revision" : "d9beca13ca85baa50ee29832d0db5129fba69630",
        "version" : "5.0.1"
      }
    },
    {
      "identity" : "enumkit",
      "kind" : "remoteSourceControl",
      "location" : "https://github.com/gringoireDM/EnumKit",
      "state" : {
        "revision" : "ae639dfac5c7116abb64c5f62124915f627140e4",
        "version" : "1.1.3"
      }
    },
    {
      "identity" : "ergo",
      "kind" : "remoteSourceControl",
      "location" : "https://github.com/Fleuronic/Ergo",
      "state" : {
        "branch" : "main",
        "revision" : "0b59e45697178b476f1c10496969d77b976717af"
      }
    },
    {
      "identity" : "ergodeclarativeuikit",
      "kind" : "remoteSourceControl",
      "location" : "https://github.com/Fleuronic/ErgoDeclarativeUIKit",
      "state" : {
        "branch" : "main",
        "revision" : "5e6f689f9e807282a382adfac7b8177d6d96d81e"
      }
    },
    {
      "identity" : "ergoswiftui",
      "kind" : "remoteSourceControl",
      "location" : "https://github.com/Fleuronic/ErgoSwiftUI",
      "state" : {
        "branch" : "main",
        "revision" : "2e9588a9d45acd773aaf1edeea972b2939ebd611"
      }
    },
    {
      "identity" : "ergouikit",
      "kind" : "remoteSourceControl",
      "location" : "https://github.com/Fleuronic/ErgoUIKit",
      "state" : {
        "branch" : "main",
        "revision" : "4d23bed2aa09933740da1e30a4674b33b90dce18"
      }
    },
    {
      "identity" : "geometric",
      "kind" : "remoteSourceControl",
      "location" : "https://github.com/Fleuronic/Geometric",
      "state" : {
        "branch" : "main",
        "revision" : "5f3eaf7f1a6814079f441445c16d9d765f00fb71"
      }
    },
    {
      "identity" : "inject",
      "kind" : "remoteSourceControl",
      "location" : "https://github.com/Fleuronic/Inject",
      "state" : {
        "branch" : "main",
        "revision" : "630dcabd46c09fb14b9f6a0ab3257523c499f395"
      }
    },
    {
      "identity" : "layoutless",
      "kind" : "remoteSourceControl",
      "location" : "https://github.com/DeclarativeHub/Layoutless",
      "state" : {
        "revision" : "50ae5ab4cb9bf676c1901f4ba0f267f27e68d0a7",
        "version" : "0.4.3"
      }
    },
    {
      "identity" : "metric",
      "kind" : "remoteSourceControl",
      "location" : "https://github.com/Fleuronic/Metric",
      "state" : {
        "branch" : "main",
        "revision" : "317fb1aaf580b40582f950c39acbd9b79cf98ada"
      }
    },
    {
      "identity" : "reactivecocoa",
      "kind" : "remoteSourceControl",
      "location" : "https://github.com/ReactiveCocoa/ReactiveCocoa",
      "state" : {
        "revision" : "8a5b07b18c6abb8e12fb845bf742675dc4914ed8",
        "version" : "12.0.0"
      }
    },
    {
      "identity" : "reactiveswift",
      "kind" : "remoteSourceControl",
      "location" : "https://github.com/ReactiveCocoa/ReactiveSwift.git",
      "state" : {
        "branch" : "swift-concurrency",
        "revision" : "3d40187c982346352d0adbe6b38e0e3d53fddc95"
      }
    },
    {
      "identity" : "telemetric",
      "kind" : "remoteSourceControl",
      "location" : "https://github.com/Fleuronic/Telemetric",
      "state" : {
        "branch" : "main",
        "revision" : "6c137a7a587192a136725d63061b5ab02966497b"
      }
    },
    {
      "identity" : "workflow-swift",
      "kind" : "remoteSourceControl",
      "location" : "https://github.com/square/workflow-swift",
      "state" : {
        "revision" : "c8ac380348fde689cd96491fb2dd1d72f3c01e43",
        "version" : "1.3.1"
      }
    },
    {
      "identity" : "workflowcontainers",
      "kind" : "remoteSourceControl",
      "location" : "https://github.com/Fleuronic/WorkflowContainers",
      "state" : {
        "branch" : "main",
        "revision" : "87baa4289549cd44c115ebd6e3983e21535e7c10"
      }
    }
  ],
  "version" : 2
}
