{
  "pins" : [
    {
      "identity" : "enumkit",
      "kind" : "remoteSourceControl",
      "location" : "https://github.com/gringoireDM/EnumKit",
      "state" : {
        "revision" : "ae639dfac5c7116abb64c5f62124915f627140e4",
        "version" : "1.1.3"
      }
    },
    {
      "identity" : "ergo",
      "kind" : "remoteSourceControl",
      "location" : "https://github.com/Fleuronic/Ergo",
      "state" : {
        "branch" : "main",
        "revision" : "134a28184430e554cb2193a48c350ccde5c5fb11"
      }
    },
    {
      "identity" : "inject",
      "kind" : "remoteSourceControl",
      "location" : "https://github.com/Fleuronic/Inject.git",
      "state" : {
        "branch" : "main",
        "revision" : "630dcabd46c09fb14b9f6a0ab3257523c499f395"
      }
    },
    {
      "identity" : "reactiveswift",
      "kind" : "remoteSourceControl",
      "location" : "https://github.com/ReactiveCocoa/ReactiveSwift.git",
      "state" : {
        "revision" : "c43bae3dac73fdd3cb906bd5a1914686ca71ed3c",
        "version" : "6.7.0"
      }
    },
    {
      "identity" : "workflow-swift",
      "kind" : "remoteSourceControl",
      "location" : "https://github.com/square/workflow-swift",
      "state" : {
        "revision" : "c8ac380348fde689cd96491fb2dd1d72f3c01e43",
        "version" : "1.3.1"
      }
    },
    {
      "identity" : "workflowcontainers",
      "kind" : "remoteSourceControl",
      "location" : "https://github.com/Fleuronic/WorkflowContainers",
      "state" : {
        "branch" : "main",
        "revision" : "590f6620fbe6954440dab824ead30cb1c40a644a"
      }
    }
  ],
  "version" : 2
}
