{
  "object": {
    "pins": [
      {
        "package": "DynamicColor",
        "repositoryURL": "https://github.com/yannickl/DynamicColor",
        "state": {
          "branch": null,
          "revision": "d9beca13ca85baa50ee29832d0db5129fba69630",
          "version": "5.0.1"
        }
      },
      {
        "package": "Metric",
        "repositoryURL": "https://github.com/Fleuronic/Metric.git",
        "state": {
          "branch": "main",
          "revision": "479f312733d4c55965ee0759b31c89fb82a4abef",
          "version": null
        }
      }
    ]
  },
  "version": 1
}
