{
  "object": {
    "pins": [
      {
        "package": "Bond",
        "repositoryURL": "https://github.com/DeclarativeHub/Bond",
        "state": {
          "branch": null,
          "revision": "146943c0bc03a93c48fb6c57db4e39f4b38ba74b",
          "version": "7.8.1"
        }
      },
      {
        "package": "Differ",
        "repositoryURL": "https://github.com/tonyarnold/Differ.git",
        "state": {
          "branch": null,
          "revision": "5520fda947f1f9777a806389c2ba587219bc0538",
          "version": "1.4.6"
        }
      },
      {
        "package": "DynamicColor",
        "repositoryURL": "https://github.com/yannickl/DynamicColor",
        "state": {
          "branch": null,
          "revision": "d9beca13ca85baa50ee29832d0db5129fba69630",
          "version": "5.0.1"
        }
      },
      {
        "package": "Emissary",
        "repositoryURL": "https://github.com/Fleuronic/Emissary",
        "state": {
          "branch": "main",
          "revision": "c6cbd191b304db37ca64ededa4eb858a4adb713b",
          "version": null
        }
      },
      {
        "package": "Ergo",
        "repositoryURL": "https://github.com/Fleuronic/Ergo",
        "state": {
          "branch": "main",
          "revision": "80013f9c5cf4333e8296aab3b8d5c60e9d59204f",
          "version": null
        }
      },
      {
        "package": "Geometric",
        "repositoryURL": "https://github.com/Fleuronic/Geometric",
        "state": {
          "branch": "main",
          "revision": "ea82a6d316adfa577b31cdd339add530a727e72b",
          "version": null
        }
      },
      {
        "package": "Identity",
        "repositoryURL": "https://github.com/JohnSundell/Identity",
        "state": {
          "branch": null,
          "revision": "c3c9102e8d5c2cfcc44a8c7c4bbb7cf3f7c12be9",
          "version": "0.3.0"
        }
      },
      {
        "package": "Inject",
        "repositoryURL": "https://github.com/Fleuronic/Inject.git",
        "state": {
          "branch": "main",
          "revision": "630dcabd46c09fb14b9f6a0ab3257523c499f395",
          "version": null
        }
      },
      {
        "package": "Layoutless",
        "repositoryURL": "https://github.com/DeclarativeHub/Layoutless",
        "state": {
          "branch": null,
          "revision": "50ae5ab4cb9bf676c1901f4ba0f267f27e68d0a7",
          "version": "0.4.3"
        }
      },
      {
        "package": "Metric",
        "repositoryURL": "https://github.com/Fleuronic/Metric.git",
        "state": {
          "branch": "main",
          "revision": "5570cdd9d11b5ec5efb49cc4007e3394799ca0fd",
          "version": null
        }
      },
      {
        "package": "ReactiveKit",
        "repositoryURL": "https://github.com/DeclarativeHub/ReactiveKit.git",
        "state": {
          "branch": null,
          "revision": "dfb63f820aa54946c4cbcbe1b6024863a143d3a2",
          "version": "3.19.1"
        }
      },
      {
        "package": "ReactiveSwift",
        "repositoryURL": "https://github.com/ReactiveCocoa/ReactiveSwift.git",
        "state": {
          "branch": null,
          "revision": "c43bae3dac73fdd3cb906bd5a1914686ca71ed3c",
          "version": "6.7.0"
        }
      },
      {
        "package": "Stores",
        "repositoryURL": "https://github.com/omaralbeik/Stores",
        "state": {
          "branch": null,
          "revision": "db625cfdd3812a7a46352dd8367ca5074c770889",
          "version": "0.3.3"
        }
      },
      {
        "package": "Telemetric",
        "repositoryURL": "https://github.com/Fleuronic/Telemetric",
        "state": {
          "branch": "main",
          "revision": "bd2bba54ed1135819f3ce857a39401d177ed6679",
          "version": null
        }
      },
      {
        "package": "Workflow",
        "repositoryURL": "https://github.com/square/workflow-swift",
        "state": {
          "branch": null,
          "revision": "02f353831930c35c03649d5a66cd173883119442",
          "version": "1.0.6"
        }
      }
    ]
  },
  "version": 1
}
