{
  "object": {
    "pins": [
      {
        "package": "Bond",
        "repositoryURL": "https://github.com/DeclarativeHub/Bond",
        "state": {
          "branch": null,
          "revision": "146943c0bc03a93c48fb6c57db4e39f4b38ba74b",
          "version": "7.8.1"
        }
      },
      {
        "package": "Differ",
        "repositoryURL": "https://github.com/tonyarnold/Differ.git",
        "state": {
          "branch": null,
          "revision": "5520fda947f1f9777a806389c2ba587219bc0538",
          "version": "1.4.6"
        }
      },
      {
        "package": "DynamicColor",
        "repositoryURL": "https://github.com/yannickl/DynamicColor",
        "state": {
          "branch": null,
          "revision": "d9beca13ca85baa50ee29832d0db5129fba69630",
          "version": "5.0.1"
        }
      },
      {
        "package": "Identity",
        "repositoryURL": "https://github.com/JohnSundell/Identity",
        "state": {
          "branch": null,
          "revision": "c3c9102e8d5c2cfcc44a8c7c4bbb7cf3f7c12be9",
          "version": "0.3.0"
        }
      },
      {
        "package": "Layoutless",
        "repositoryURL": "https://github.com/DeclarativeHub/Layoutless",
        "state": {
          "branch": null,
          "revision": "50ae5ab4cb9bf676c1901f4ba0f267f27e68d0a7",
          "version": "0.4.3"
        }
      },
      {
        "package": "Lighter",
        "repositoryURL": "https://github.com/Lighter-swift/Lighter",
        "state": {
          "branch": null,
          "revision": "fb35fea93597293041ec84854d86edec052547b4",
          "version": "1.0.12"
        }
      },
      {
        "package": "ReactiveKit",
        "repositoryURL": "https://github.com/DeclarativeHub/ReactiveKit.git",
        "state": {
          "branch": null,
          "revision": "dfb63f820aa54946c4cbcbe1b6024863a143d3a2",
          "version": "3.19.1"
        }
      },
      {
        "package": "ReactiveSwift",
        "repositoryURL": "https://github.com/ReactiveCocoa/ReactiveSwift.git",
        "state": {
          "branch": null,
          "revision": "c43bae3dac73fdd3cb906bd5a1914686ca71ed3c",
          "version": "6.7.0"
        }
      },
      {
        "package": "Stores",
        "repositoryURL": "https://github.com/omaralbeik/Stores",
        "state": {
          "branch": null,
          "revision": "2b0c610476be03b53d075e0ea29681b6cc3a63e3",
          "version": "0.3.2"
        }
      },
      {
        "package": "Workflow",
        "repositoryURL": "https://github.com/square/workflow-swift",
        "state": {
          "branch": null,
          "revision": "02f353831930c35c03649d5a66cd173883119442",
          "version": "1.0.6"
        }
      }
    ]
  },
  "version": 1
}
