{
  "object": {
    "pins": [
      {
        "package": "Bodega",
        "repositoryURL": "https://github.com/mergesort/Bodega.git",
        "state": {
          "branch": null,
          "revision": "8e240838b37f2596026b23934e3b87a36354b728",
          "version": "2.0.0"
        }
      },
      {
        "package": "Bond",
        "repositoryURL": "https://github.com/DeclarativeHub/Bond",
        "state": {
          "branch": null,
          "revision": "146943c0bc03a93c48fb6c57db4e39f4b38ba74b",
          "version": "7.8.1"
        }
      },
      {
        "package": "Boutique",
        "repositoryURL": "https://github.com/mergesort/Boutique.git",
        "state": {
          "branch": null,
          "revision": "bf357967f46adeabae95c06e6125cb6cf8fdcb37",
          "version": "2.0.0"
        }
      },
      {
        "package": "Differ",
        "repositoryURL": "https://github.com/tonyarnold/Differ.git",
        "state": {
          "branch": null,
          "revision": "5520fda947f1f9777a806389c2ba587219bc0538",
          "version": "1.4.6"
        }
      },
      {
        "package": "DynamicColor",
        "repositoryURL": "https://github.com/yannickl/DynamicColor",
        "state": {
          "branch": null,
          "revision": "d9beca13ca85baa50ee29832d0db5129fba69630",
          "version": "5.0.1"
        }
      },
      {
        "package": "Layoutless",
        "repositoryURL": "https://github.com/DeclarativeHub/Layoutless",
        "state": {
          "branch": null,
          "revision": "50ae5ab4cb9bf676c1901f4ba0f267f27e68d0a7",
          "version": "0.4.3"
        }
      },
      {
        "package": "Lighter",
        "repositoryURL": "https://github.com/Lighter-swift/Lighter",
        "state": {
          "branch": null,
          "revision": "fb35fea93597293041ec84854d86edec052547b4",
          "version": "1.0.12"
        }
      },
      {
        "package": "ReactiveKit",
        "repositoryURL": "https://github.com/DeclarativeHub/ReactiveKit.git",
        "state": {
          "branch": null,
          "revision": "dfb63f820aa54946c4cbcbe1b6024863a143d3a2",
          "version": "3.19.1"
        }
      },
      {
        "package": "ReactiveSwift",
        "repositoryURL": "https://github.com/ReactiveCocoa/ReactiveSwift.git",
        "state": {
          "branch": null,
          "revision": "c43bae3dac73fdd3cb906bd5a1914686ca71ed3c",
          "version": "6.7.0"
        }
      },
      {
        "package": "SQLite.swift",
        "repositoryURL": "https://github.com/stephencelis/SQLite.swift.git",
        "state": {
          "branch": null,
          "revision": "4d543d811ee644fa4cc4bfa0be996b4dd6ba0f54",
          "version": "0.13.3"
        }
      },
      {
        "package": "swift-collections",
        "repositoryURL": "https://github.com/apple/swift-collections",
        "state": {
          "branch": null,
          "revision": "48254824bb4248676bf7ce56014ff57b142b77eb",
          "version": "1.0.2"
        }
      },
      {
        "package": "Workflow",
        "repositoryURL": "https://github.com/square/workflow-swift",
        "state": {
          "branch": null,
          "revision": "02f353831930c35c03649d5a66cd173883119442",
          "version": "1.0.6"
        }
      }
    ]
  },
  "version": 1
}
