// !$*UTF8*$!
{
	archiveVersion = 1;
	classes = {
	};
	objectVersion = 55;
	objects = {

/* Begin PBXBuildFile section */
		172DB19D29550DE7001BB2AD /* Authentication in Frameworks */ = {isa = PBXBuildFile; productRef = 172DB19C29550DE7001BB2AD /* Authentication */; };
		1730DB8E28E7976500D317A8 /* Todo.swift in Sources */ = {isa = PBXBuildFile; fileRef = 1730DB8628E794D400D317A8 /* Todo.swift */; };
		1764FE0B28BC067B004AAD5E /* Root in Frameworks */ = {isa = PBXBuildFile; productRef = 1764FE0A28BC067B004AAD5E /* Root */; };
		1764FE1928BC07EC004AAD5E /* RootUITests.swift in Sources */ = {isa = PBXBuildFile; fileRef = 1764FDF728BC043B004AAD5E /* RootUITests.swift */; };
		1764FE2828BC0A19004AAD5E /* AuthenticationUITests.swift in Sources */ = {isa = PBXBuildFile; fileRef = 17D8600E28BBF83400C42970 /* AuthenticationUITests.swift */; };
		1764FE3628BC0A1E004AAD5E /* TodoUITests.swift in Sources */ = {isa = PBXBuildFile; fileRef = 17D8600C28BBF82B00C42970 /* TodoUITests.swift */; };
		1764FE4828BC1FF1004AAD5E /* AppFlowTests.swift in Sources */ = {isa = PBXBuildFile; fileRef = 1764FE4728BC1FF1004AAD5E /* AppFlowTests.swift */; };
		176EF45928E76D37003CF32D /* TodoAppEnvironment.swift in Sources */ = {isa = PBXBuildFile; fileRef = 176EF45828E76D37003CF32D /* TodoAppEnvironment.swift */; };
		1787621228C0F2BD0079A32C /* AuthenticationAppEnvironment.swift in Sources */ = {isa = PBXBuildFile; fileRef = 1787621128C0F2BD0079A32C /* AuthenticationAppEnvironment.swift */; };
		1787621828C0F81A0079A32C /* AppDelegate.swift in Sources */ = {isa = PBXBuildFile; fileRef = 1787621728C0F81A0079A32C /* AppDelegate.swift */; };
		178AAEAB28CBC01700CBFC52 /* AppDelegate.swift in Sources */ = {isa = PBXBuildFile; fileRef = 1787621728C0F81A0079A32C /* AppDelegate.swift */; };
		178AAEAC28CBC01700CBFC52 /* AppDelegate.swift in Sources */ = {isa = PBXBuildFile; fileRef = 1787621728C0F81A0079A32C /* AppDelegate.swift */; };
		178AAEAE28CBC04D00CBFC52 /* RootAppEnvironment.swift in Sources */ = {isa = PBXBuildFile; fileRef = 178AAEAD28CBC04D00CBFC52 /* RootAppEnvironment.swift */; };
		178AAEB428CE285900CBFC52 /* EmailableAPI.swift in Sources */ = {isa = PBXBuildFile; fileRef = 178AAEB228CE22F600CBFC52 /* EmailableAPI.swift */; };
		178AAEB928CE552000CBFC52 /* EmailableAPIConfiguration.swift in Sources */ = {isa = PBXBuildFile; fileRef = 178AAEB728CE53E100CBFC52 /* EmailableAPIConfiguration.swift */; };
		17B1603728F606DD00131C50 /* TodoIdentified.swift in Sources */ = {isa = PBXBuildFile; fileRef = 17B1603628F606DD00131C50 /* TodoIdentified.swift */; };
		17D85FF028BBF64600C42970 /* Todo in Frameworks */ = {isa = PBXBuildFile; productRef = 17D85FEF28BBF64600C42970 /* Todo */; };
		17D8601228BBF84B00C42970 /* TodoApp.swift in Sources */ = {isa = PBXBuildFile; fileRef = 17D8600528BBF80500C42970 /* TodoApp.swift */; };
		17D8601328BBF84D00C42970 /* TodoAppDelegate.swift in Sources */ = {isa = PBXBuildFile; fileRef = 17D8600428BBF80500C42970 /* TodoAppDelegate.swift */; };
		17D8602528BBFAA100C42970 /* AuthenticationApp.swift in Sources */ = {isa = PBXBuildFile; fileRef = 17D8602328BBFAA100C42970 /* AuthenticationApp.swift */; };
		17D8602628BBFAA100C42970 /* AuthenticationAppDelegate.swift in Sources */ = {isa = PBXBuildFile; fileRef = 17D8602428BBFAA100C42970 /* AuthenticationAppDelegate.swift */; };
		17D8602928BBFAB700C42970 /* Root in Frameworks */ = {isa = PBXBuildFile; productRef = 17D8602828BBFAB700C42970 /* Root */; };
		17D8602C28BBFB0C00C42970 /* RootApp.swift in Sources */ = {isa = PBXBuildFile; fileRef = 17D8602A28BBFAD000C42970 /* RootApp.swift */; };
		17D8602D28BBFB0E00C42970 /* RootAppDelegate.swift in Sources */ = {isa = PBXBuildFile; fileRef = 17D8602B28BBFAD000C42970 /* RootAppDelegate.swift */; };
/* End PBXBuildFile section */

/* Begin PBXContainerItemProxy section */
		1764FE1C28BC09A9004AAD5E /* PBXContainerItemProxy */ = {
			isa = PBXContainerItemProxy;
			containerPortal = 170B0CF528A6DDF40033029D /* Project object */;
			proxyType = 1;
			remoteGlobalIDString = 17D8601428BBF9F300C42970;
			remoteInfo = RootApp;
		};
		1764FE1E28BC09AD004AAD5E /* PBXContainerItemProxy */ = {
			isa = PBXContainerItemProxy;
			containerPortal = 170B0CF528A6DDF40033029D /* Project object */;
			proxyType = 1;
			remoteGlobalIDString = 17D85FAC28BBECA800C42970;
			remoteInfo = WelcomeApp;
		};
		1764FE2228BC0A19004AAD5E /* PBXContainerItemProxy */ = {
			isa = PBXContainerItemProxy;
			containerPortal = 170B0CF528A6DDF40033029D /* Project object */;
			proxyType = 1;
			remoteGlobalIDString = 17D8601428BBF9F300C42970;
			remoteInfo = RootApp;
		};
		1764FE2428BC0A19004AAD5E /* PBXContainerItemProxy */ = {
			isa = PBXContainerItemProxy;
			containerPortal = 170B0CF528A6DDF40033029D /* Project object */;
			proxyType = 1;
			remoteGlobalIDString = 17D85FAC28BBECA800C42970;
			remoteInfo = WelcomeApp;
		};
		1764FE3128BC0A1E004AAD5E /* PBXContainerItemProxy */ = {
			isa = PBXContainerItemProxy;
			containerPortal = 170B0CF528A6DDF40033029D /* Project object */;
			proxyType = 1;
			remoteGlobalIDString = 17D8601428BBF9F300C42970;
			remoteInfo = RootApp;
		};
		1764FE3328BC0A1E004AAD5E /* PBXContainerItemProxy */ = {
			isa = PBXContainerItemProxy;
			containerPortal = 170B0CF528A6DDF40033029D /* Project object */;
			proxyType = 1;
			remoteGlobalIDString = 17D85FAC28BBECA800C42970;
			remoteInfo = WelcomeApp;
		};
		1764FE3E28BC0A35004AAD5E /* PBXContainerItemProxy */ = {
			isa = PBXContainerItemProxy;
			containerPortal = 170B0CF528A6DDF40033029D /* Project object */;
			proxyType = 1;
			remoteGlobalIDString = 17D85FDA28BBF5C700C42970;
			remoteInfo = TodoApp;
		};
/* End PBXContainerItemProxy section */

/* Begin PBXFileReference section */
		1707A693293AB747008892F4 /* Telemetric */ = {isa = PBXFileReference; lastKnownFileType = wrapper; name = Telemetric; path = ../Metric/Submodules/Telemetric; sourceTree = "<group>"; };
		1707A694293E8D7A008892F4 /* Metric */ = {isa = PBXFileReference; lastKnownFileType = wrapper; name = Metric; path = ../Metric; sourceTree = "<group>"; };
		1730DB8628E794D400D317A8 /* Todo.swift */ = {isa = PBXFileReference; lastKnownFileType = sourcecode.swift; path = Todo.swift; sourceTree = "<group>"; };
		17392EBE297B581C007E0F96 /* Catena */ = {isa = PBXFileReference; lastKnownFileType = wrapper; name = Catena; path = ../Catena; sourceTree = "<group>"; };
		17392EBF297B5DAB007E0F96 /* Catenoid */ = {isa = PBXFileReference; lastKnownFileType = wrapper; name = Catenoid; path = ../Catena/Submodules/Catenoid; sourceTree = "<group>"; };
		17392EC0297F3730007E0F96 /* Catenary */ = {isa = PBXFileReference; lastKnownFileType = wrapper; name = Catenary; path = ../Catena/Submodules/Catenary; sourceTree = "<group>"; };
		173DD26728C11A7000FF6E7D /* WorkflowContainers */ = {isa = PBXFileReference; lastKnownFileType = wrapper; name = WorkflowContainers; path = ../WorkflowContainers; sourceTree = "<group>"; };
		174B0944297A07700024DCEC /* PersistDB */ = {isa = PBXFileReference; lastKnownFileType = wrapper; name = PersistDB; path = ../PersistDB; sourceTree = "<group>"; };
		17638CD42947FA3300068086 /* Services */ = {isa = PBXFileReference; lastKnownFileType = wrapper; name = Services; path = Modules/Services; sourceTree = "<group>"; };
		1764FDF728BC043B004AAD5E /* RootUITests.swift */ = {isa = PBXFileReference; lastKnownFileType = sourcecode.swift; path = RootUITests.swift; sourceTree = "<group>"; };
		1764FE4728BC1FF1004AAD5E /* AppFlowTests.swift */ = {isa = PBXFileReference; fileEncoding = 4; lastKnownFileType = sourcecode.swift; path = AppFlowTests.swift; sourceTree = "<group>"; };
		1764FE4A28BC2130004AAD5E /* Info.plist */ = {isa = PBXFileReference; lastKnownFileType = text.plist.xml; path = Info.plist; sourceTree = "<group>"; };
		1764FE4B28BC2144004AAD5E /* Info.plist */ = {isa = PBXFileReference; lastKnownFileType = text.plist.xml; name = Info.plist; path = "../../Authentication App/Resources/Info.plist"; sourceTree = "<group>"; };
		1764FE4C28BC2146004AAD5E /* Info.plist */ = {isa = PBXFileReference; lastKnownFileType = text.plist.xml; path = Info.plist; sourceTree = "<group>"; };
		1764FE6D28BC6C59004AAD5E /* RootApp.app */ = {isa = PBXFileReference; explicitFileType = wrapper.application; includeInIndex = 0; path = RootApp.app; sourceTree = BUILT_PRODUCTS_DIR; };
		1764FE6E28BC6C59004AAD5E /* AuthenticationApp.app */ = {isa = PBXFileReference; explicitFileType = wrapper.application; includeInIndex = 0; path = AuthenticationApp.app; sourceTree = BUILT_PRODUCTS_DIR; };
		1764FE6F28BC6C59004AAD5E /* TodoApp.app */ = {isa = PBXFileReference; explicitFileType = wrapper.application; includeInIndex = 0; path = TodoApp.app; sourceTree = BUILT_PRODUCTS_DIR; };
		1764FE7028BC6C59004AAD5E /* RootUITests.xctest */ = {isa = PBXFileReference; explicitFileType = wrapper.cfbundle; includeInIndex = 0; path = RootUITests.xctest; sourceTree = BUILT_PRODUCTS_DIR; };
		1764FE7128BC6C59004AAD5E /* AuthenticationUITests.xctest */ = {isa = PBXFileReference; explicitFileType = wrapper.cfbundle; includeInIndex = 0; path = AuthenticationUITests.xctest; sourceTree = BUILT_PRODUCTS_DIR; };
		1764FE7228BC6C59004AAD5E /* TodoUITests.xctest */ = {isa = PBXFileReference; explicitFileType = wrapper.cfbundle; includeInIndex = 0; path = TodoUITests.xctest; sourceTree = BUILT_PRODUCTS_DIR; };
		1764FE7328BC6C59004AAD5E /* IntegrationTests.xctest */ = {isa = PBXFileReference; explicitFileType = wrapper.cfbundle; includeInIndex = 0; path = IntegrationTests.xctest; sourceTree = BUILT_PRODUCTS_DIR; };
		176EF45828E76D37003CF32D /* TodoAppEnvironment.swift */ = {isa = PBXFileReference; lastKnownFileType = sourcecode.swift; path = TodoAppEnvironment.swift; sourceTree = "<group>"; };
		1787621128C0F2BD0079A32C /* AuthenticationAppEnvironment.swift */ = {isa = PBXFileReference; lastKnownFileType = sourcecode.swift; name = AuthenticationAppEnvironment.swift; path = "Apps/Authentication App/AuthenticationAppEnvironment.swift"; sourceTree = "<group>"; };
		1787621728C0F81A0079A32C /* AppDelegate.swift */ = {isa = PBXFileReference; lastKnownFileType = sourcecode.swift; path = AppDelegate.swift; sourceTree = "<group>"; };
		178AAEAD28CBC04D00CBFC52 /* RootAppEnvironment.swift */ = {isa = PBXFileReference; lastKnownFileType = sourcecode.swift; path = RootAppEnvironment.swift; sourceTree = "<group>"; };
		178AAEB228CE22F600CBFC52 /* EmailableAPI.swift */ = {isa = PBXFileReference; lastKnownFileType = sourcecode.swift; path = EmailableAPI.swift; sourceTree = "<group>"; };
		178AAEB728CE53E100CBFC52 /* EmailableAPIConfiguration.swift */ = {isa = PBXFileReference; lastKnownFileType = sourcecode.swift; path = EmailableAPIConfiguration.swift; sourceTree = "<group>"; };
		17B1603628F606DD00131C50 /* TodoIdentified.swift */ = {isa = PBXFileReference; lastKnownFileType = sourcecode.swift; path = TodoIdentified.swift; sourceTree = "<group>"; };
		17D85FC228BBED8200C42970 /* Presentation */ = {isa = PBXFileReference; lastKnownFileType = wrapper; name = Presentation; path = Modules/Presentation; sourceTree = "<group>"; };
		17D85FC328BBED8200C42970 /* Features */ = {isa = PBXFileReference; lastKnownFileType = wrapper; name = Features; path = Modules/Features; sourceTree = "<group>"; };
		17D85FC428BBED8200C42970 /* Model */ = {isa = PBXFileReference; lastKnownFileType = wrapper; name = Model; path = Modules/Model; sourceTree = "<group>"; };
		17D8600428BBF80500C42970 /* TodoAppDelegate.swift */ = {isa = PBXFileReference; lastKnownFileType = sourcecode.swift; path = TodoAppDelegate.swift; sourceTree = "<group>"; };
		17D8600528BBF80500C42970 /* TodoApp.swift */ = {isa = PBXFileReference; lastKnownFileType = sourcecode.swift; path = TodoApp.swift; sourceTree = "<group>"; };
		17D8600C28BBF82B00C42970 /* TodoUITests.swift */ = {isa = PBXFileReference; fileEncoding = 4; lastKnownFileType = sourcecode.swift; path = TodoUITests.swift; sourceTree = "<group>"; };
		17D8600E28BBF83400C42970 /* AuthenticationUITests.swift */ = {isa = PBXFileReference; fileEncoding = 4; lastKnownFileType = sourcecode.swift; path = AuthenticationUITests.swift; sourceTree = "<group>"; };
		17D8602328BBFAA100C42970 /* AuthenticationApp.swift */ = {isa = PBXFileReference; fileEncoding = 4; lastKnownFileType = sourcecode.swift; name = AuthenticationApp.swift; path = "Apps/Authentication App/AuthenticationApp.swift"; sourceTree = "<group>"; };
		17D8602428BBFAA100C42970 /* AuthenticationAppDelegate.swift */ = {isa = PBXFileReference; fileEncoding = 4; lastKnownFileType = sourcecode.swift; name = AuthenticationAppDelegate.swift; path = "Apps/Authentication App/AuthenticationAppDelegate.swift"; sourceTree = "<group>"; };
		17D8602A28BBFAD000C42970 /* RootApp.swift */ = {isa = PBXFileReference; lastKnownFileType = sourcecode.swift; path = RootApp.swift; sourceTree = "<group>"; };
		17D8602B28BBFAD000C42970 /* RootAppDelegate.swift */ = {isa = PBXFileReference; lastKnownFileType = sourcecode.swift; path = RootAppDelegate.swift; sourceTree = "<group>"; };
		17E82F07293EB4CA005D28E0 /* Ergo */ = {isa = PBXFileReference; lastKnownFileType = wrapper; name = Ergo; path = ../Ergo; sourceTree = "<group>"; };
		17E82F08293EB514005D28E0 /* Geometric */ = {isa = PBXFileReference; lastKnownFileType = wrapper; name = Geometric; path = ../Metric/Submodules/Geometric; sourceTree = "<group>"; };
/* End PBXFileReference section */

/* Begin PBXFrameworksBuildPhase section */
		1764FDFE28BC05FD004AAD5E /* Frameworks */ = {
			isa = PBXFrameworksBuildPhase;
			buildActionMask = 2147483647;
			files = (
				1764FE0B28BC067B004AAD5E /* Root in Frameworks */,
			);
			runOnlyForDeploymentPostprocessing = 0;
		};
		1764FE0D28BC07CB004AAD5E /* Frameworks */ = {
			isa = PBXFrameworksBuildPhase;
			buildActionMask = 2147483647;
			files = (
			);
			runOnlyForDeploymentPostprocessing = 0;
		};
		1764FE2928BC0A19004AAD5E /* Frameworks */ = {
			isa = PBXFrameworksBuildPhase;
			buildActionMask = 2147483647;
			files = (
			);
			runOnlyForDeploymentPostprocessing = 0;
		};
		1764FE3828BC0A1E004AAD5E /* Frameworks */ = {
			isa = PBXFrameworksBuildPhase;
			buildActionMask = 2147483647;
			files = (
			);
			runOnlyForDeploymentPostprocessing = 0;
		};
		17D85FAA28BBECA800C42970 /* Frameworks */ = {
			isa = PBXFrameworksBuildPhase;
			buildActionMask = 2147483647;
			files = (
				172DB19D29550DE7001BB2AD /* Authentication in Frameworks */,
			);
			runOnlyForDeploymentPostprocessing = 0;
		};
		17D85FDF28BBF5C700C42970 /* Frameworks */ = {
			isa = PBXFrameworksBuildPhase;
			buildActionMask = 2147483647;
			files = (
				17D85FF028BBF64600C42970 /* Todo in Frameworks */,
			);
			runOnlyForDeploymentPostprocessing = 0;
		};
		17D8601928BBF9F300C42970 /* Frameworks */ = {
			isa = PBXFrameworksBuildPhase;
			buildActionMask = 2147483647;
			files = (
				17D8602928BBFAB700C42970 /* Root in Frameworks */,
			);
			runOnlyForDeploymentPostprocessing = 0;
		};
/* End PBXFrameworksBuildPhase section */

/* Begin PBXGroup section */
		170B0CF428A6DDF40033029D = {
			isa = PBXGroup;
			children = (
				17392EC0297F3730007E0F96 /* Catenary */,
				17392EBF297B5DAB007E0F96 /* Catenoid */,
				17392EBE297B581C007E0F96 /* Catena */,
				174B0944297A07700024DCEC /* PersistDB */,
				17E82F08293EB514005D28E0 /* Geometric */,
				17E82F07293EB4CA005D28E0 /* Ergo */,
				1707A694293E8D7A008892F4 /* Metric */,
				1707A693293AB747008892F4 /* Telemetric */,
				173DD26728C11A7000FF6E7D /* WorkflowContainers */,
				1749DCCE28BB886300C4AFC9 /* Modules */,
				17D85FEB28BBF62100C42970 /* Apps */,
				1764FE4D28BC2908004AAD5E /* Tests */,
				1764FE6D28BC6C59004AAD5E /* RootApp.app */,
				1764FE6E28BC6C59004AAD5E /* AuthenticationApp.app */,
				1764FE6F28BC6C59004AAD5E /* TodoApp.app */,
				1764FE7028BC6C59004AAD5E /* RootUITests.xctest */,
				1764FE7128BC6C59004AAD5E /* AuthenticationUITests.xctest */,
				1764FE7228BC6C59004AAD5E /* TodoUITests.xctest */,
				1764FE7328BC6C59004AAD5E /* IntegrationTests.xctest */,
				172DB19B29550DE7001BB2AD /* Frameworks */,
			);
			sourceTree = "<group>";
		};
		172DB19B29550DE7001BB2AD /* Frameworks */ = {
			isa = PBXGroup;
			children = (
			);
			name = Frameworks;
			sourceTree = "<group>";
		};
		1730DB8828E794E900D317A8 /* Models */ = {
			isa = PBXGroup;
			children = (
				17B1603528F6061700131C50 /* Todo */,
			);
			path = Models;
			sourceTree = "<group>";
		};
		1749DCCE28BB886300C4AFC9 /* Modules */ = {
			isa = PBXGroup;
			children = (
				17D85FC428BBED8200C42970 /* Model */,
				17638CD42947FA3300068086 /* Services */,
				17D85FC228BBED8200C42970 /* Presentation */,
				17D85FC328BBED8200C42970 /* Features */,
			);
			name = Modules;
			sourceTree = "<group>";
		};
		1764FDF628BC042F004AAD5E /* Integration Tests */ = {
			isa = PBXGroup;
			children = (
				1764FE4728BC1FF1004AAD5E /* AppFlowTests.swift */,
			);
			path = "Integration Tests";
			sourceTree = "<group>";
		};
		1764FE4428BC1F72004AAD5E /* Resources */ = {
			isa = PBXGroup;
			children = (
				1764FE4B28BC2144004AAD5E /* Info.plist */,
			);
			name = Resources;
			path = "Apps/Welcome App/Resources";
			sourceTree = "<group>";
		};
		1764FE4528BC1F74004AAD5E /* Resources */ = {
			isa = PBXGroup;
			children = (
				1764FE4C28BC2146004AAD5E /* Info.plist */,
			);
			path = Resources;
			sourceTree = "<group>";
		};
		1764FE4628BC1F76004AAD5E /* Resources */ = {
			isa = PBXGroup;
			children = (
				1764FE4A28BC2130004AAD5E /* Info.plist */,
			);
			path = Resources;
			sourceTree = "<group>";
		};
		1764FE4D28BC2908004AAD5E /* Tests */ = {
			isa = PBXGroup;
			children = (
				17D85FF928BBF7A000C42970 /* UI Tests */,
				1764FDF628BC042F004AAD5E /* Integration Tests */,
			);
			path = Tests;
			sourceTree = "<group>";
		};
		178AAEB128CE22E700CBFC52 /* APIs */ = {
			isa = PBXGroup;
			children = (
				178AAEB228CE22F600CBFC52 /* EmailableAPI.swift */,
				178AAEB728CE53E100CBFC52 /* EmailableAPIConfiguration.swift */,
			);
			path = APIs;
			sourceTree = "<group>";
		};
		17B1603528F6061700131C50 /* Todo */ = {
			isa = PBXGroup;
			children = (
				1730DB8628E794D400D317A8 /* Todo.swift */,
				17B1603628F606DD00131C50 /* TodoIdentified.swift */,
			);
			path = Todo;
			sourceTree = "<group>";
		};
		17C8C5A728BBAD710029868C /* Authentication App */ = {
			isa = PBXGroup;
			children = (
				17D8602328BBFAA100C42970 /* AuthenticationApp.swift */,
				17D8602428BBFAA100C42970 /* AuthenticationAppDelegate.swift */,
				1787621128C0F2BD0079A32C /* AuthenticationAppEnvironment.swift */,
				178AAEB128CE22E700CBFC52 /* APIs */,
				1764FE4428BC1F72004AAD5E /* Resources */,
			);
			name = "Authentication App";
			path = ..;
			sourceTree = "<group>";
		};
		17D85FE628BBF5F100C42970 /* Todo App */ = {
			isa = PBXGroup;
			children = (
				17D8600528BBF80500C42970 /* TodoApp.swift */,
				17D8600428BBF80500C42970 /* TodoAppDelegate.swift */,
				176EF45828E76D37003CF32D /* TodoAppEnvironment.swift */,
				1730DB8828E794E900D317A8 /* Models */,
				1764FE4528BC1F74004AAD5E /* Resources */,
			);
			path = "Todo App";
			sourceTree = "<group>";
		};
		17D85FEB28BBF62100C42970 /* Apps */ = {
			isa = PBXGroup;
			children = (
				1787621728C0F81A0079A32C /* AppDelegate.swift */,
				17D8602028BBFA1C00C42970 /* Root App */,
				17C8C5A728BBAD710029868C /* Authentication App */,
				17D85FE628BBF5F100C42970 /* Todo App */,
			);
			path = Apps;
			sourceTree = "<group>";
		};
		17D85FF928BBF7A000C42970 /* UI Tests */ = {
			isa = PBXGroup;
			children = (
				1764FDF728BC043B004AAD5E /* RootUITests.swift */,
				17D8600E28BBF83400C42970 /* AuthenticationUITests.swift */,
				17D8600C28BBF82B00C42970 /* TodoUITests.swift */,
			);
			path = "UI Tests";
			sourceTree = "<group>";
		};
		17D8602028BBFA1C00C42970 /* Root App */ = {
			isa = PBXGroup;
			children = (
				17D8602A28BBFAD000C42970 /* RootApp.swift */,
				17D8602B28BBFAD000C42970 /* RootAppDelegate.swift */,
				178AAEAD28CBC04D00CBFC52 /* RootAppEnvironment.swift */,
				1764FE4628BC1F76004AAD5E /* Resources */,
			);
			path = "Root App";
			sourceTree = "<group>";
		};
/* End PBXGroup section */

/* Begin PBXNativeTarget section */
		1764FE0028BC05FD004AAD5E /* IntegrationTests */ = {
			isa = PBXNativeTarget;
			buildConfigurationList = 1764FE0528BC05FD004AAD5E /* Build configuration list for PBXNativeTarget "IntegrationTests" */;
			buildPhases = (
				1764FDFD28BC05FD004AAD5E /* Sources */,
				1764FDFE28BC05FD004AAD5E /* Frameworks */,
				1764FDFF28BC05FD004AAD5E /* Resources */,
			);
			buildRules = (
			);
			dependencies = (
			);
			name = IntegrationTests;
			packageProductDependencies = (
				1764FE0A28BC067B004AAD5E /* Root */,
			);
			productName = IntegrationTests;
			productReference = 1764FE7328BC6C59004AAD5E /* IntegrationTests.xctest */;
			productType = "com.apple.product-type.bundle.unit-test";
		};
		1764FE0F28BC07CB004AAD5E /* RootUITests */ = {
			isa = PBXNativeTarget;
			buildConfigurationList = 1764FE1628BC07CB004AAD5E /* Build configuration list for PBXNativeTarget "RootUITests" */;
			buildPhases = (
				1764FE0C28BC07CB004AAD5E /* Sources */,
				1764FE0D28BC07CB004AAD5E /* Frameworks */,
				1764FE0E28BC07CB004AAD5E /* Resources */,
			);
			buildRules = (
			);
			dependencies = (
				1764FE1D28BC09A9004AAD5E /* PBXTargetDependency */,
				1764FE1F28BC09AD004AAD5E /* PBXTargetDependency */,
			);
			name = RootUITests;
			productName = UITests;
			productReference = 1764FE7028BC6C59004AAD5E /* RootUITests.xctest */;
			productType = "com.apple.product-type.bundle.ui-testing";
		};
		1764FE2028BC0A19004AAD5E /* AuthenticationUITests */ = {
			isa = PBXNativeTarget;
			buildConfigurationList = 1764FE2B28BC0A19004AAD5E /* Build configuration list for PBXNativeTarget "AuthenticationUITests" */;
			buildPhases = (
				1764FE2528BC0A19004AAD5E /* Sources */,
				1764FE2928BC0A19004AAD5E /* Frameworks */,
				1764FE2A28BC0A19004AAD5E /* Resources */,
			);
			buildRules = (
			);
			dependencies = (
				1764FE2128BC0A19004AAD5E /* PBXTargetDependency */,
				1764FE2328BC0A19004AAD5E /* PBXTargetDependency */,
			);
			name = AuthenticationUITests;
			productName = UITests;
			productReference = 1764FE7128BC6C59004AAD5E /* AuthenticationUITests.xctest */;
			productType = "com.apple.product-type.bundle.ui-testing";
		};
		1764FE2F28BC0A1E004AAD5E /* TodoUITests */ = {
			isa = PBXNativeTarget;
			buildConfigurationList = 1764FE3A28BC0A1E004AAD5E /* Build configuration list for PBXNativeTarget "TodoUITests" */;
			buildPhases = (
				1764FE3428BC0A1E004AAD5E /* Sources */,
				1764FE3828BC0A1E004AAD5E /* Frameworks */,
				1764FE3928BC0A1E004AAD5E /* Resources */,
			);
			buildRules = (
			);
			dependencies = (
				1764FE3028BC0A1E004AAD5E /* PBXTargetDependency */,
				1764FE3228BC0A1E004AAD5E /* PBXTargetDependency */,
				1764FE3F28BC0A35004AAD5E /* PBXTargetDependency */,
			);
			name = TodoUITests;
			productName = UITests;
			productReference = 1764FE7228BC6C59004AAD5E /* TodoUITests.xctest */;
			productType = "com.apple.product-type.bundle.ui-testing";
		};
		17D85FAC28BBECA800C42970 /* AuthenticationApp */ = {
			isa = PBXNativeTarget;
			buildConfigurationList = 17D85FC028BBECA900C42970 /* Build configuration list for PBXNativeTarget "AuthenticationApp" */;
			buildPhases = (
				17D85FA928BBECA800C42970 /* Sources */,
				17D85FAA28BBECA800C42970 /* Frameworks */,
				17D85FAB28BBECA800C42970 /* Resources */,
			);
			buildRules = (
			);
			dependencies = (
			);
			name = AuthenticationApp;
			packageProductDependencies = (
				172DB19C29550DE7001BB2AD /* Authentication */,
			);
			productName = WelcomeApp;
			productReference = 1764FE6E28BC6C59004AAD5E /* AuthenticationApp.app */;
			productType = "com.apple.product-type.application";
		};
		17D85FDA28BBF5C700C42970 /* TodoApp */ = {
			isa = PBXNativeTarget;
			buildConfigurationList = 17D85FE228BBF5C700C42970 /* Build configuration list for PBXNativeTarget "TodoApp" */;
			buildPhases = (
				17D85FDC28BBF5C700C42970 /* Sources */,
				17D85FDF28BBF5C700C42970 /* Frameworks */,
				17D85FE128BBF5C700C42970 /* Resources */,
			);
			buildRules = (
			);
			dependencies = (
			);
			name = TodoApp;
			packageProductDependencies = (
				17D85FEF28BBF64600C42970 /* Todo */,
			);
			productName = WelcomeApp;
			productReference = 1764FE6F28BC6C59004AAD5E /* TodoApp.app */;
			productType = "com.apple.product-type.application";
		};
		17D8601428BBF9F300C42970 /* RootApp */ = {
			isa = PBXNativeTarget;
			buildConfigurationList = 17D8601C28BBF9F300C42970 /* Build configuration list for PBXNativeTarget "RootApp" */;
			buildPhases = (
				17D8601628BBF9F300C42970 /* Sources */,
				17D8601928BBF9F300C42970 /* Frameworks */,
				17D8601B28BBF9F300C42970 /* Resources */,
			);
			buildRules = (
			);
			dependencies = (
			);
			name = RootApp;
			packageProductDependencies = (
				17D8602828BBFAB700C42970 /* Root */,
			);
			productName = WelcomeApp;
			productReference = 1764FE6D28BC6C59004AAD5E /* RootApp.app */;
			productType = "com.apple.product-type.application";
		};
/* End PBXNativeTarget section */

/* Begin PBXProject section */
		170B0CF528A6DDF40033029D /* Project object */ = {
			isa = PBXProject;
			attributes = {
				BuildIndependentTargetsInParallel = 1;
				LastSwiftUpdateCheck = 1400;
				LastUpgradeCheck = 1330;
				TargetAttributes = {
					1764FE0028BC05FD004AAD5E = {
						CreatedOnToolsVersion = 14.0;
						LastSwiftMigration = 1400;
					};
					1764FE0F28BC07CB004AAD5E = {
						CreatedOnToolsVersion = 14.0;
						TestTargetID = 17D8601428BBF9F300C42970;
					};
					1764FE2028BC0A19004AAD5E = {
						TestTargetID = 17D85FAC28BBECA800C42970;
					};
					1764FE2F28BC0A1E004AAD5E = {
						TestTargetID = 17D85FDA28BBF5C700C42970;
					};
					17D85FAC28BBECA800C42970 = {
						CreatedOnToolsVersion = 14.0;
						LastSwiftMigration = 1400;
					};
				};
			};
			buildConfigurationList = 170B0CF828A6DDF40033029D /* Build configuration list for PBXProject "Coven" */;
			compatibilityVersion = "Xcode 13.0";
			developmentRegion = en;
			hasScannedForEncodings = 0;
			knownRegions = (
				en,
				Base,
			);
			mainGroup = 170B0CF428A6DDF40033029D;
			packageReferences = (
			);
			productRefGroup = 170B0CF428A6DDF40033029D;
			projectDirPath = "";
			projectRoot = "";
			targets = (
				17D8601428BBF9F300C42970 /* RootApp */,
				17D85FAC28BBECA800C42970 /* AuthenticationApp */,
				17D85FDA28BBF5C700C42970 /* TodoApp */,
				1764FE0F28BC07CB004AAD5E /* RootUITests */,
				1764FE2028BC0A19004AAD5E /* AuthenticationUITests */,
				1764FE2F28BC0A1E004AAD5E /* TodoUITests */,
				1764FE0028BC05FD004AAD5E /* IntegrationTests */,
			);
		};
/* End PBXProject section */

/* Begin PBXResourcesBuildPhase section */
		1764FDFF28BC05FD004AAD5E /* Resources */ = {
			isa = PBXResourcesBuildPhase;
			buildActionMask = 2147483647;
			files = (
			);
			runOnlyForDeploymentPostprocessing = 0;
		};
		1764FE0E28BC07CB004AAD5E /* Resources */ = {
			isa = PBXResourcesBuildPhase;
			buildActionMask = 2147483647;
			files = (
			);
			runOnlyForDeploymentPostprocessing = 0;
		};
		1764FE2A28BC0A19004AAD5E /* Resources */ = {
			isa = PBXResourcesBuildPhase;
			buildActionMask = 2147483647;
			files = (
			);
			runOnlyForDeploymentPostprocessing = 0;
		};
		1764FE3928BC0A1E004AAD5E /* Resources */ = {
			isa = PBXResourcesBuildPhase;
			buildActionMask = 2147483647;
			files = (
			);
			runOnlyForDeploymentPostprocessing = 0;
		};
		17D85FAB28BBECA800C42970 /* Resources */ = {
			isa = PBXResourcesBuildPhase;
			buildActionMask = 2147483647;
			files = (
			);
			runOnlyForDeploymentPostprocessing = 0;
		};
		17D85FE128BBF5C700C42970 /* Resources */ = {
			isa = PBXResourcesBuildPhase;
			buildActionMask = 2147483647;
			files = (
			);
			runOnlyForDeploymentPostprocessing = 0;
		};
		17D8601B28BBF9F300C42970 /* Resources */ = {
			isa = PBXResourcesBuildPhase;
			buildActionMask = 2147483647;
			files = (
			);
			runOnlyForDeploymentPostprocessing = 0;
		};
/* End PBXResourcesBuildPhase section */

/* Begin PBXSourcesBuildPhase section */
		1764FDFD28BC05FD004AAD5E /* Sources */ = {
			isa = PBXSourcesBuildPhase;
			buildActionMask = 2147483647;
			files = (
				1764FE4828BC1FF1004AAD5E /* AppFlowTests.swift in Sources */,
			);
			runOnlyForDeploymentPostprocessing = 0;
		};
		1764FE0C28BC07CB004AAD5E /* Sources */ = {
			isa = PBXSourcesBuildPhase;
			buildActionMask = 2147483647;
			files = (
				1764FE1928BC07EC004AAD5E /* RootUITests.swift in Sources */,
			);
			runOnlyForDeploymentPostprocessing = 0;
		};
		1764FE2528BC0A19004AAD5E /* Sources */ = {
			isa = PBXSourcesBuildPhase;
			buildActionMask = 2147483647;
			files = (
				1764FE2828BC0A19004AAD5E /* AuthenticationUITests.swift in Sources */,
			);
			runOnlyForDeploymentPostprocessing = 0;
		};
		1764FE3428BC0A1E004AAD5E /* Sources */ = {
			isa = PBXSourcesBuildPhase;
			buildActionMask = 2147483647;
			files = (
				1764FE3628BC0A1E004AAD5E /* TodoUITests.swift in Sources */,
			);
			runOnlyForDeploymentPostprocessing = 0;
		};
		17D85FA928BBECA800C42970 /* Sources */ = {
			isa = PBXSourcesBuildPhase;
			buildActionMask = 2147483647;
			files = (
				178AAEB428CE285900CBFC52 /* EmailableAPI.swift in Sources */,
				17D8602528BBFAA100C42970 /* AuthenticationApp.swift in Sources */,
				1787621828C0F81A0079A32C /* AppDelegate.swift in Sources */,
				17D8602628BBFAA100C42970 /* AuthenticationAppDelegate.swift in Sources */,
				178AAEB928CE552000CBFC52 /* EmailableAPIConfiguration.swift in Sources */,
				1787621228C0F2BD0079A32C /* AuthenticationAppEnvironment.swift in Sources */,
			);
			runOnlyForDeploymentPostprocessing = 0;
		};
		17D85FDC28BBF5C700C42970 /* Sources */ = {
			isa = PBXSourcesBuildPhase;
			buildActionMask = 2147483647;
			files = (
				178AAEAB28CBC01700CBFC52 /* AppDelegate.swift in Sources */,
				1730DB8E28E7976500D317A8 /* Todo.swift in Sources */,
				17D8601228BBF84B00C42970 /* TodoApp.swift in Sources */,
				17D8601328BBF84D00C42970 /* TodoAppDelegate.swift in Sources */,
				176EF45928E76D37003CF32D /* TodoAppEnvironment.swift in Sources */,
				17B1603728F606DD00131C50 /* TodoIdentified.swift in Sources */,
			);
			runOnlyForDeploymentPostprocessing = 0;
		};
		17D8601628BBF9F300C42970 /* Sources */ = {
			isa = PBXSourcesBuildPhase;
			buildActionMask = 2147483647;
			files = (
				178AAEAE28CBC04D00CBFC52 /* RootAppEnvironment.swift in Sources */,
				178AAEAC28CBC01700CBFC52 /* AppDelegate.swift in Sources */,
				17D8602D28BBFB0E00C42970 /* RootAppDelegate.swift in Sources */,
				17D8602C28BBFB0C00C42970 /* RootApp.swift in Sources */,
			);
			runOnlyForDeploymentPostprocessing = 0;
		};
/* End PBXSourcesBuildPhase section */

/* Begin PBXTargetDependency section */
		1764FE1D28BC09A9004AAD5E /* PBXTargetDependency */ = {
			isa = PBXTargetDependency;
			target = 17D8601428BBF9F300C42970 /* RootApp */;
			targetProxy = 1764FE1C28BC09A9004AAD5E /* PBXContainerItemProxy */;
		};
		1764FE1F28BC09AD004AAD5E /* PBXTargetDependency */ = {
			isa = PBXTargetDependency;
			target = 17D85FAC28BBECA800C42970 /* AuthenticationApp */;
			targetProxy = 1764FE1E28BC09AD004AAD5E /* PBXContainerItemProxy */;
		};
		1764FE2128BC0A19004AAD5E /* PBXTargetDependency */ = {
			isa = PBXTargetDependency;
			target = 17D8601428BBF9F300C42970 /* RootApp */;
			targetProxy = 1764FE2228BC0A19004AAD5E /* PBXContainerItemProxy */;
		};
		1764FE2328BC0A19004AAD5E /* PBXTargetDependency */ = {
			isa = PBXTargetDependency;
			target = 17D85FAC28BBECA800C42970 /* AuthenticationApp */;
			targetProxy = 1764FE2428BC0A19004AAD5E /* PBXContainerItemProxy */;
		};
		1764FE3028BC0A1E004AAD5E /* PBXTargetDependency */ = {
			isa = PBXTargetDependency;
			target = 17D8601428BBF9F300C42970 /* RootApp */;
			targetProxy = 1764FE3128BC0A1E004AAD5E /* PBXContainerItemProxy */;
		};
		1764FE3228BC0A1E004AAD5E /* PBXTargetDependency */ = {
			isa = PBXTargetDependency;
			target = 17D85FAC28BBECA800C42970 /* AuthenticationApp */;
			targetProxy = 1764FE3328BC0A1E004AAD5E /* PBXContainerItemProxy */;
		};
		1764FE3F28BC0A35004AAD5E /* PBXTargetDependency */ = {
			isa = PBXTargetDependency;
			target = 17D85FDA28BBF5C700C42970 /* TodoApp */;
			targetProxy = 1764FE3E28BC0A35004AAD5E /* PBXContainerItemProxy */;
		};
/* End PBXTargetDependency section */

/* Begin XCBuildConfiguration section */
		170B0D2528A6DDF60033029D /* Debug */ = {
			isa = XCBuildConfiguration;
			buildSettings = {
				ALWAYS_SEARCH_USER_PATHS = NO;
				CLANG_ANALYZER_LOCALIZABILITY_NONLOCALIZED = YES;
				CLANG_ANALYZER_NONNULL = YES;
				CLANG_ANALYZER_NUMBER_OBJECT_CONVERSION = YES_AGGRESSIVE;
				CLANG_CXX_LANGUAGE_STANDARD = "gnu++17";
				CLANG_ENABLE_MODULES = YES;
				CLANG_ENABLE_OBJC_ARC = YES;
				CLANG_ENABLE_OBJC_WEAK = YES;
				CLANG_WARN_BLOCK_CAPTURE_AUTORELEASING = YES;
				CLANG_WARN_BOOL_CONVERSION = YES;
				CLANG_WARN_COMMA = YES;
				CLANG_WARN_CONSTANT_CONVERSION = YES;
				CLANG_WARN_DEPRECATED_OBJC_IMPLEMENTATIONS = YES;
				CLANG_WARN_DIRECT_OBJC_ISA_USAGE = YES_ERROR;
				CLANG_WARN_DOCUMENTATION_COMMENTS = YES;
				CLANG_WARN_EMPTY_BODY = YES;
				CLANG_WARN_ENUM_CONVERSION = YES;
				CLANG_WARN_INFINITE_RECURSION = YES;
				CLANG_WARN_INT_CONVERSION = YES;
				CLANG_WARN_NON_LITERAL_NULL_CONVERSION = YES;
				CLANG_WARN_OBJC_IMPLICIT_RETAIN_SELF = YES;
				CLANG_WARN_OBJC_LITERAL_CONVERSION = YES;
				CLANG_WARN_OBJC_ROOT_CLASS = YES_ERROR;
				CLANG_WARN_QUOTED_INCLUDE_IN_FRAMEWORK_HEADER = YES;
				CLANG_WARN_RANGE_LOOP_ANALYSIS = YES;
				CLANG_WARN_STRICT_PROTOTYPES = YES;
				CLANG_WARN_SUSPICIOUS_MOVE = YES;
				CLANG_WARN_UNGUARDED_AVAILABILITY = YES_AGGRESSIVE;
				CLANG_WARN_UNREACHABLE_CODE = YES;
				CLANG_WARN__DUPLICATE_METHOD_MATCH = YES;
				COPY_PHASE_STRIP = NO;
				DEBUG_INFORMATION_FORMAT = dwarf;
				ENABLE_STRICT_OBJC_MSGSEND = YES;
				ENABLE_TESTABILITY = YES;
				GCC_C_LANGUAGE_STANDARD = gnu11;
				GCC_DYNAMIC_NO_PIC = NO;
				GCC_NO_COMMON_BLOCKS = YES;
				GCC_OPTIMIZATION_LEVEL = 0;
				GCC_PREPROCESSOR_DEFINITIONS = (
					"DEBUG=1",
					"$(inherited)",
				);
				GCC_WARN_64_TO_32_BIT_CONVERSION = YES;
				GCC_WARN_ABOUT_RETURN_TYPE = YES_ERROR;
				GCC_WARN_UNDECLARED_SELECTOR = YES;
				GCC_WARN_UNINITIALIZED_AUTOS = YES_AGGRESSIVE;
				GCC_WARN_UNUSED_FUNCTION = YES;
				GCC_WARN_UNUSED_VARIABLE = YES;
				IPHONEOS_DEPLOYMENT_TARGET = 15.4;
				MTL_ENABLE_DEBUG_INFO = INCLUDE_SOURCE;
				MTL_FAST_MATH = YES;
				ONLY_ACTIVE_ARCH = YES;
				SDKROOT = iphoneos;
				SWIFT_ACTIVE_COMPILATION_CONDITIONS = DEBUG;
				SWIFT_OPTIMIZATION_LEVEL = "-Onone";
			};
			name = Debug;
		};
		170B0D2628A6DDF60033029D /* Release */ = {
			isa = XCBuildConfiguration;
			buildSettings = {
				ALWAYS_SEARCH_USER_PATHS = NO;
				CLANG_ANALYZER_LOCALIZABILITY_NONLOCALIZED = YES;
				CLANG_ANALYZER_NONNULL = YES;
				CLANG_ANALYZER_NUMBER_OBJECT_CONVERSION = YES_AGGRESSIVE;
				CLANG_CXX_LANGUAGE_STANDARD = "gnu++17";
				CLANG_ENABLE_MODULES = YES;
				CLANG_ENABLE_OBJC_ARC = YES;
				CLANG_ENABLE_OBJC_WEAK = YES;
				CLANG_WARN_BLOCK_CAPTURE_AUTORELEASING = YES;
				CLANG_WARN_BOOL_CONVERSION = YES;
				CLANG_WARN_COMMA = YES;
				CLANG_WARN_CONSTANT_CONVERSION = YES;
				CLANG_WARN_DEPRECATED_OBJC_IMPLEMENTATIONS = YES;
				CLANG_WARN_DIRECT_OBJC_ISA_USAGE = YES_ERROR;
				CLANG_WARN_DOCUMENTATION_COMMENTS = YES;
				CLANG_WARN_EMPTY_BODY = YES;
				CLANG_WARN_ENUM_CONVERSION = YES;
				CLANG_WARN_INFINITE_RECURSION = YES;
				CLANG_WARN_INT_CONVERSION = YES;
				CLANG_WARN_NON_LITERAL_NULL_CONVERSION = YES;
				CLANG_WARN_OBJC_IMPLICIT_RETAIN_SELF = YES;
				CLANG_WARN_OBJC_LITERAL_CONVERSION = YES;
				CLANG_WARN_OBJC_ROOT_CLASS = YES_ERROR;
				CLANG_WARN_QUOTED_INCLUDE_IN_FRAMEWORK_HEADER = YES;
				CLANG_WARN_RANGE_LOOP_ANALYSIS = YES;
				CLANG_WARN_STRICT_PROTOTYPES = YES;
				CLANG_WARN_SUSPICIOUS_MOVE = YES;
				CLANG_WARN_UNGUARDED_AVAILABILITY = YES_AGGRESSIVE;
				CLANG_WARN_UNREACHABLE_CODE = YES;
				CLANG_WARN__DUPLICATE_METHOD_MATCH = YES;
				COPY_PHASE_STRIP = NO;
				DEBUG_INFORMATION_FORMAT = "dwarf-with-dsym";
				ENABLE_NS_ASSERTIONS = NO;
				ENABLE_STRICT_OBJC_MSGSEND = YES;
				GCC_C_LANGUAGE_STANDARD = gnu11;
				GCC_NO_COMMON_BLOCKS = YES;
				GCC_WARN_64_TO_32_BIT_CONVERSION = YES;
				GCC_WARN_ABOUT_RETURN_TYPE = YES_ERROR;
				GCC_WARN_UNDECLARED_SELECTOR = YES;
				GCC_WARN_UNINITIALIZED_AUTOS = YES_AGGRESSIVE;
				GCC_WARN_UNUSED_FUNCTION = YES;
				GCC_WARN_UNUSED_VARIABLE = YES;
				IPHONEOS_DEPLOYMENT_TARGET = 15.4;
				MTL_ENABLE_DEBUG_INFO = NO;
				MTL_FAST_MATH = YES;
				SDKROOT = iphoneos;
				SWIFT_COMPILATION_MODE = wholemodule;
				SWIFT_OPTIMIZATION_LEVEL = "-O";
				VALIDATE_PRODUCT = YES;
			};
			name = Release;
		};
		1764FE0628BC05FD004AAD5E /* Debug */ = {
			isa = XCBuildConfiguration;
			buildSettings = {
				CLANG_CXX_LANGUAGE_STANDARD = "gnu++20";
				CLANG_ENABLE_MODULES = YES;
				CODE_SIGN_STYLE = Automatic;
				CURRENT_PROJECT_VERSION = 1;
				GENERATE_INFOPLIST_FILE = YES;
				IPHONEOS_DEPLOYMENT_TARGET = 16.0;
				LD_RUNPATH_SEARCH_PATHS = (
					"$(inherited)",
					"@executable_path/Frameworks",
					"@loader_path/Frameworks",
				);
				MARKETING_VERSION = 1.0;
				PRODUCT_BUNDLE_IDENTIFIER = com.fleuronic.TodoIntegrationTests;
				PRODUCT_NAME = "$(TARGET_NAME)";
				SWIFT_EMIT_LOC_STRINGS = NO;
				SWIFT_OPTIMIZATION_LEVEL = "-Onone";
				SWIFT_VERSION = 5.0;
				TARGETED_DEVICE_FAMILY = "1,2";
			};
			name = Debug;
		};
		1764FE0728BC05FD004AAD5E /* Release */ = {
			isa = XCBuildConfiguration;
			buildSettings = {
				CLANG_CXX_LANGUAGE_STANDARD = "gnu++20";
				CLANG_ENABLE_MODULES = YES;
				CODE_SIGN_STYLE = Automatic;
				CURRENT_PROJECT_VERSION = 1;
				GENERATE_INFOPLIST_FILE = YES;
				IPHONEOS_DEPLOYMENT_TARGET = 16.0;
				LD_RUNPATH_SEARCH_PATHS = (
					"$(inherited)",
					"@executable_path/Frameworks",
					"@loader_path/Frameworks",
				);
				MARKETING_VERSION = 1.0;
				PRODUCT_BUNDLE_IDENTIFIER = com.fleuronic.TodoIntegrationTests;
				PRODUCT_NAME = "$(TARGET_NAME)";
				SWIFT_EMIT_LOC_STRINGS = NO;
				SWIFT_VERSION = 5.0;
				TARGETED_DEVICE_FAMILY = "1,2";
			};
			name = Release;
		};
		1764FE1728BC07CB004AAD5E /* Debug */ = {
			isa = XCBuildConfiguration;
			buildSettings = {
				CLANG_CXX_LANGUAGE_STANDARD = "gnu++20";
				CODE_SIGN_STYLE = Automatic;
				CURRENT_PROJECT_VERSION = 1;
				GENERATE_INFOPLIST_FILE = YES;
				IPHONEOS_DEPLOYMENT_TARGET = 16.0;
				MARKETING_VERSION = 1.0;
				PRODUCT_BUNDLE_IDENTIFIER = com.fleuronic.TodoRootUITests;
				PRODUCT_NAME = "$(TARGET_NAME)";
				PROVISIONING_PROFILE = "";
				SWIFT_EMIT_LOC_STRINGS = NO;
				SWIFT_VERSION = 5.0;
				TARGETED_DEVICE_FAMILY = "1,2";
				TEST_TARGET_NAME = RootApp;
			};
			name = Debug;
		};
		1764FE1828BC07CB004AAD5E /* Release */ = {
			isa = XCBuildConfiguration;
			buildSettings = {
				CLANG_CXX_LANGUAGE_STANDARD = "gnu++20";
				CODE_SIGN_STYLE = Automatic;
				CURRENT_PROJECT_VERSION = 1;
				GENERATE_INFOPLIST_FILE = YES;
				IPHONEOS_DEPLOYMENT_TARGET = 16.0;
				MARKETING_VERSION = 1.0;
				PRODUCT_BUNDLE_IDENTIFIER = com.fleuronic.TodoRootUITests;
				PRODUCT_NAME = "$(TARGET_NAME)";
				PROVISIONING_PROFILE = "";
				SWIFT_EMIT_LOC_STRINGS = NO;
				SWIFT_VERSION = 5.0;
				TARGETED_DEVICE_FAMILY = "1,2";
				TEST_TARGET_NAME = RootApp;
			};
			name = Release;
		};
		1764FE2C28BC0A19004AAD5E /* Debug */ = {
			isa = XCBuildConfiguration;
			buildSettings = {
				CLANG_CXX_LANGUAGE_STANDARD = "gnu++20";
				CODE_SIGN_STYLE = Automatic;
				CURRENT_PROJECT_VERSION = 1;
				GENERATE_INFOPLIST_FILE = YES;
				IPHONEOS_DEPLOYMENT_TARGET = 16.0;
				MARKETING_VERSION = 1.0;
				PRODUCT_BUNDLE_IDENTIFIER = com.fleuronic.CovenAuthenticationUITests;
				PRODUCT_NAME = "$(TARGET_NAME)";
				PROVISIONING_PROFILE = "";
				SWIFT_EMIT_LOC_STRINGS = NO;
				SWIFT_VERSION = 5.0;
				TARGETED_DEVICE_FAMILY = "1,2";
				TEST_TARGET_NAME = AuthenticationApp;
			};
			name = Debug;
		};
		1764FE2D28BC0A19004AAD5E /* Release */ = {
			isa = XCBuildConfiguration;
			buildSettings = {
				CLANG_CXX_LANGUAGE_STANDARD = "gnu++20";
				CODE_SIGN_STYLE = Automatic;
				CURRENT_PROJECT_VERSION = 1;
				GENERATE_INFOPLIST_FILE = YES;
				IPHONEOS_DEPLOYMENT_TARGET = 16.0;
				MARKETING_VERSION = 1.0;
				PRODUCT_BUNDLE_IDENTIFIER = com.fleuronic.CovenAuthenticationUITests;
				PRODUCT_NAME = "$(TARGET_NAME)";
				PROVISIONING_PROFILE = "";
				SWIFT_EMIT_LOC_STRINGS = NO;
				SWIFT_VERSION = 5.0;
				TARGETED_DEVICE_FAMILY = "1,2";
				TEST_TARGET_NAME = AuthenticationApp;
			};
			name = Release;
		};
		1764FE3B28BC0A1E004AAD5E /* Debug */ = {
			isa = XCBuildConfiguration;
			buildSettings = {
				CLANG_CXX_LANGUAGE_STANDARD = "gnu++20";
				CODE_SIGN_STYLE = Automatic;
				CURRENT_PROJECT_VERSION = 1;
				GENERATE_INFOPLIST_FILE = YES;
				IPHONEOS_DEPLOYMENT_TARGET = 16.0;
				MARKETING_VERSION = 1.0;
				PRODUCT_BUNDLE_IDENTIFIER = com.fleuronic.TodoTodoUITests;
				PRODUCT_NAME = "$(TARGET_NAME)";
				PROVISIONING_PROFILE = "";
				SWIFT_EMIT_LOC_STRINGS = NO;
				SWIFT_VERSION = 5.0;
				TARGETED_DEVICE_FAMILY = "1,2";
				TEST_TARGET_NAME = TodoApp;
			};
			name = Debug;
		};
		1764FE3C28BC0A1E004AAD5E /* Release */ = {
			isa = XCBuildConfiguration;
			buildSettings = {
				CLANG_CXX_LANGUAGE_STANDARD = "gnu++20";
				CODE_SIGN_STYLE = Automatic;
				CURRENT_PROJECT_VERSION = 1;
				GENERATE_INFOPLIST_FILE = YES;
				IPHONEOS_DEPLOYMENT_TARGET = 16.0;
				MARKETING_VERSION = 1.0;
				PRODUCT_BUNDLE_IDENTIFIER = com.fleuronic.TodoTodoUITests;
				PRODUCT_NAME = "$(TARGET_NAME)";
				PROVISIONING_PROFILE = "";
				SWIFT_EMIT_LOC_STRINGS = NO;
				SWIFT_VERSION = 5.0;
				TARGETED_DEVICE_FAMILY = "1,2";
				TEST_TARGET_NAME = TodoApp;
			};
			name = Release;
		};
		17D85FBE28BBECA900C42970 /* Debug */ = {
			isa = XCBuildConfiguration;
			buildSettings = {
				ASSETCATALOG_COMPILER_APPICON_NAME = AppIcon;
				ASSETCATALOG_COMPILER_GLOBAL_ACCENT_COLOR_NAME = AccentColor;
				CLANG_CXX_LANGUAGE_STANDARD = "gnu++20";
				CLANG_ENABLE_MODULES = YES;
				CODE_SIGN_STYLE = Automatic;
				CURRENT_PROJECT_VERSION = 1;
				GENERATE_INFOPLIST_FILE = YES;
				INFOPLIST_FILE = "Apps/Authentication App/Resources/Info.plist";
				INFOPLIST_KEY_CFBundleDisplayName = "Coven Auth";
				INFOPLIST_KEY_UIApplicationSupportsIndirectInputEvents = YES;
				INFOPLIST_KEY_UILaunchScreen_Generation = YES;
				INFOPLIST_KEY_UISupportedInterfaceOrientations_iPad = "UIInterfaceOrientationPortrait UIInterfaceOrientationPortraitUpsideDown UIInterfaceOrientationLandscapeLeft UIInterfaceOrientationLandscapeRight";
				INFOPLIST_KEY_UISupportedInterfaceOrientations_iPhone = "UIInterfaceOrientationPortrait UIInterfaceOrientationLandscapeLeft UIInterfaceOrientationLandscapeRight";
				IPHONEOS_DEPLOYMENT_TARGET = 16.0;
				LD_RUNPATH_SEARCH_PATHS = (
					"$(inherited)",
					"@executable_path/Frameworks",
				);
				MARKETING_VERSION = 1.0;
				OTHER_LDFLAGS = (
					"-Xlinker",
					"-interposable",
				);
				PRODUCT_BUNDLE_IDENTIFIER = com.fleuronic.CovenAuthentication;
				PRODUCT_NAME = "$(TARGET_NAME)";
				SWIFT_EMIT_LOC_STRINGS = YES;
				SWIFT_OPTIMIZATION_LEVEL = "-Onone";
				SWIFT_VERSION = 5.0;
				TARGETED_DEVICE_FAMILY = "1,2";
			};
			name = Debug;
		};
		17D85FBF28BBECA900C42970 /* Release */ = {
			isa = XCBuildConfiguration;
			buildSettings = {
				ASSETCATALOG_COMPILER_APPICON_NAME = AppIcon;
				ASSETCATALOG_COMPILER_GLOBAL_ACCENT_COLOR_NAME = AccentColor;
				CLANG_CXX_LANGUAGE_STANDARD = "gnu++20";
				CLANG_ENABLE_MODULES = YES;
				CODE_SIGN_STYLE = Automatic;
				CURRENT_PROJECT_VERSION = 1;
				GENERATE_INFOPLIST_FILE = YES;
				INFOPLIST_FILE = "Apps/Authentication App/Resources/Info.plist";
				INFOPLIST_KEY_CFBundleDisplayName = "Coven Auth";
				INFOPLIST_KEY_UIApplicationSupportsIndirectInputEvents = YES;
				INFOPLIST_KEY_UILaunchScreen_Generation = YES;
				INFOPLIST_KEY_UISupportedInterfaceOrientations_iPad = "UIInterfaceOrientationPortrait UIInterfaceOrientationPortraitUpsideDown UIInterfaceOrientationLandscapeLeft UIInterfaceOrientationLandscapeRight";
				INFOPLIST_KEY_UISupportedInterfaceOrientations_iPhone = "UIInterfaceOrientationPortrait UIInterfaceOrientationLandscapeLeft UIInterfaceOrientationLandscapeRight";
				IPHONEOS_DEPLOYMENT_TARGET = 16.0;
				LD_RUNPATH_SEARCH_PATHS = (
					"$(inherited)",
					"@executable_path/Frameworks",
				);
				MARKETING_VERSION = 1.0;
				OTHER_LDFLAGS = (
					"-Xlinker",
					"-interposable",
				);
				PRODUCT_BUNDLE_IDENTIFIER = com.fleuronic.CovenAuthentication;
				PRODUCT_NAME = "$(TARGET_NAME)";
				SWIFT_EMIT_LOC_STRINGS = YES;
				SWIFT_VERSION = 5.0;
				TARGETED_DEVICE_FAMILY = "1,2";
			};
			name = Release;
		};
		17D85FE328BBF5C700C42970 /* Debug */ = {
			isa = XCBuildConfiguration;
			buildSettings = {
				ASSETCATALOG_COMPILER_APPICON_NAME = AppIcon;
				ASSETCATALOG_COMPILER_GLOBAL_ACCENT_COLOR_NAME = AccentColor;
				CLANG_CXX_LANGUAGE_STANDARD = "gnu++20";
				CODE_SIGN_STYLE = Automatic;
				CURRENT_PROJECT_VERSION = 1;
				GENERATE_INFOPLIST_FILE = YES;
				INFOPLIST_FILE = "Apps/Todo App/Resources/Info.plist";
				INFOPLIST_KEY_CFBundleDisplayName = "Todo Todo";
				INFOPLIST_KEY_UIApplicationSupportsIndirectInputEvents = YES;
				INFOPLIST_KEY_UILaunchScreen_Generation = YES;
				INFOPLIST_KEY_UISupportedInterfaceOrientations = "UIInterfaceOrientationLandscapeLeft UIInterfaceOrientationLandscapeRight UIInterfaceOrientationPortrait";
				INFOPLIST_KEY_UISupportedInterfaceOrientations_iPad = "UIInterfaceOrientationLandscapeLeft UIInterfaceOrientationLandscapeRight UIInterfaceOrientationPortrait UIInterfaceOrientationPortraitUpsideDown";
				IPHONEOS_DEPLOYMENT_TARGET = 16.0;
				LD_RUNPATH_SEARCH_PATHS = (
					"$(inherited)",
					"@executable_path/Frameworks",
				);
				MARKETING_VERSION = 1.0;
				OTHER_LDFLAGS = (
					"-Xlinker",
					"-interposable",
				);
				PRODUCT_BUNDLE_IDENTIFIER = com.fleuronic.TodoTodo;
				PRODUCT_NAME = "$(TARGET_NAME)";
				SWIFT_EMIT_LOC_STRINGS = YES;
				SWIFT_VERSION = 5.0;
				TARGETED_DEVICE_FAMILY = "1,2";
			};
			name = Debug;
		};
		17D85FE428BBF5C700C42970 /* Release */ = {
			isa = XCBuildConfiguration;
			buildSettings = {
				ASSETCATALOG_COMPILER_APPICON_NAME = AppIcon;
				ASSETCATALOG_COMPILER_GLOBAL_ACCENT_COLOR_NAME = AccentColor;
				CLANG_CXX_LANGUAGE_STANDARD = "gnu++20";
				CODE_SIGN_STYLE = Automatic;
				CURRENT_PROJECT_VERSION = 1;
				GENERATE_INFOPLIST_FILE = YES;
				INFOPLIST_FILE = "Apps/Todo App/Resources/Info.plist";
				INFOPLIST_KEY_CFBundleDisplayName = "Todo Todo";
				INFOPLIST_KEY_UIApplicationSupportsIndirectInputEvents = YES;
				INFOPLIST_KEY_UILaunchScreen_Generation = YES;
				INFOPLIST_KEY_UISupportedInterfaceOrientations = "UIInterfaceOrientationLandscapeLeft UIInterfaceOrientationLandscapeRight UIInterfaceOrientationPortrait";
				INFOPLIST_KEY_UISupportedInterfaceOrientations_iPad = "UIInterfaceOrientationLandscapeLeft UIInterfaceOrientationLandscapeRight UIInterfaceOrientationPortrait UIInterfaceOrientationPortraitUpsideDown";
				IPHONEOS_DEPLOYMENT_TARGET = 16.0;
				LD_RUNPATH_SEARCH_PATHS = (
					"$(inherited)",
					"@executable_path/Frameworks",
				);
				MARKETING_VERSION = 1.0;
				OTHER_LDFLAGS = (
					"-Xlinker",
					"-interposable",
				);
				PRODUCT_BUNDLE_IDENTIFIER = com.fleuronic.TodoTodo;
				PRODUCT_NAME = "$(TARGET_NAME)";
				SWIFT_EMIT_LOC_STRINGS = YES;
				SWIFT_VERSION = 5.0;
				TARGETED_DEVICE_FAMILY = "1,2";
			};
			name = Release;
		};
		17D8601D28BBF9F300C42970 /* Debug */ = {
			isa = XCBuildConfiguration;
			buildSettings = {
				ASSETCATALOG_COMPILER_APPICON_NAME = AppIcon;
				ASSETCATALOG_COMPILER_GLOBAL_ACCENT_COLOR_NAME = AccentColor;
				CLANG_CXX_LANGUAGE_STANDARD = "gnu++20";
				CODE_SIGN_STYLE = Automatic;
				CURRENT_PROJECT_VERSION = 1;
				GENERATE_INFOPLIST_FILE = YES;
				INFOPLIST_FILE = "Apps/Root App/Resources/Info.plist";
				INFOPLIST_KEY_CFBundleDisplayName = "Todo Root";
				INFOPLIST_KEY_UIApplicationSupportsIndirectInputEvents = YES;
				INFOPLIST_KEY_UILaunchScreen_Generation = YES;
				INFOPLIST_KEY_UISupportedInterfaceOrientations_iPad = "UIInterfaceOrientationPortrait UIInterfaceOrientationPortraitUpsideDown UIInterfaceOrientationLandscapeLeft UIInterfaceOrientationLandscapeRight";
				INFOPLIST_KEY_UISupportedInterfaceOrientations_iPhone = "UIInterfaceOrientationPortrait UIInterfaceOrientationLandscapeLeft UIInterfaceOrientationLandscapeRight";
				IPHONEOS_DEPLOYMENT_TARGET = 16.0;
				LD_RUNPATH_SEARCH_PATHS = (
					"$(inherited)",
					"@executable_path/Frameworks",
				);
				MARKETING_VERSION = 1.0;
				OTHER_LDFLAGS = (
					"-Xlinker",
					"-interposable",
				);
				PRODUCT_BUNDLE_IDENTIFIER = com.fleuronic.TodoRoot;
				PRODUCT_NAME = "$(TARGET_NAME)";
				SWIFT_EMIT_LOC_STRINGS = YES;
				SWIFT_VERSION = 5.0;
				TARGETED_DEVICE_FAMILY = "1,2";
			};
			name = Debug;
		};
		17D8601E28BBF9F300C42970 /* Release */ = {
			isa = XCBuildConfiguration;
			buildSettings = {
				ASSETCATALOG_COMPILER_APPICON_NAME = AppIcon;
				ASSETCATALOG_COMPILER_GLOBAL_ACCENT_COLOR_NAME = AccentColor;
				CLANG_CXX_LANGUAGE_STANDARD = "gnu++20";
				CODE_SIGN_STYLE = Automatic;
				CURRENT_PROJECT_VERSION = 1;
				GENERATE_INFOPLIST_FILE = YES;
				INFOPLIST_FILE = "Apps/Root App/Resources/Info.plist";
				INFOPLIST_KEY_CFBundleDisplayName = "Todo Root";
				INFOPLIST_KEY_UIApplicationSupportsIndirectInputEvents = YES;
				INFOPLIST_KEY_UILaunchScreen_Generation = YES;
				INFOPLIST_KEY_UISupportedInterfaceOrientations_iPad = "UIInterfaceOrientationPortrait UIInterfaceOrientationPortraitUpsideDown UIInterfaceOrientationLandscapeLeft UIInterfaceOrientationLandscapeRight";
				INFOPLIST_KEY_UISupportedInterfaceOrientations_iPhone = "UIInterfaceOrientationPortrait UIInterfaceOrientationLandscapeLeft UIInterfaceOrientationLandscapeRight";
				IPHONEOS_DEPLOYMENT_TARGET = 16.0;
				LD_RUNPATH_SEARCH_PATHS = (
					"$(inherited)",
					"@executable_path/Frameworks",
				);
				MARKETING_VERSION = 1.0;
				OTHER_LDFLAGS = (
					"-Xlinker",
					"-interposable",
				);
				PRODUCT_BUNDLE_IDENTIFIER = com.fleuronic.TodoRoot;
				PRODUCT_NAME = "$(TARGET_NAME)";
				SWIFT_EMIT_LOC_STRINGS = YES;
				SWIFT_VERSION = 5.0;
				TARGETED_DEVICE_FAMILY = "1,2";
			};
			name = Release;
		};
/* End XCBuildConfiguration section */

/* Begin XCConfigurationList section */
		170B0CF828A6DDF40033029D /* Build configuration list for PBXProject "Coven" */ = {
			isa = XCConfigurationList;
			buildConfigurations = (
				170B0D2528A6DDF60033029D /* Debug */,
				170B0D2628A6DDF60033029D /* Release */,
			);
			defaultConfigurationIsVisible = 0;
			defaultConfigurationName = Release;
		};
		1764FE0528BC05FD004AAD5E /* Build configuration list for PBXNativeTarget "IntegrationTests" */ = {
			isa = XCConfigurationList;
			buildConfigurations = (
				1764FE0628BC05FD004AAD5E /* Debug */,
				1764FE0728BC05FD004AAD5E /* Release */,
			);
			defaultConfigurationIsVisible = 0;
			defaultConfigurationName = Release;
		};
		1764FE1628BC07CB004AAD5E /* Build configuration list for PBXNativeTarget "RootUITests" */ = {
			isa = XCConfigurationList;
			buildConfigurations = (
				1764FE1728BC07CB004AAD5E /* Debug */,
				1764FE1828BC07CB004AAD5E /* Release */,
			);
			defaultConfigurationIsVisible = 0;
			defaultConfigurationName = Release;
		};
		1764FE2B28BC0A19004AAD5E /* Build configuration list for PBXNativeTarget "AuthenticationUITests" */ = {
			isa = XCConfigurationList;
			buildConfigurations = (
				1764FE2C28BC0A19004AAD5E /* Debug */,
				1764FE2D28BC0A19004AAD5E /* Release */,
			);
			defaultConfigurationIsVisible = 0;
			defaultConfigurationName = Release;
		};
		1764FE3A28BC0A1E004AAD5E /* Build configuration list for PBXNativeTarget "TodoUITests" */ = {
			isa = XCConfigurationList;
			buildConfigurations = (
				1764FE3B28BC0A1E004AAD5E /* Debug */,
				1764FE3C28BC0A1E004AAD5E /* Release */,
			);
			defaultConfigurationIsVisible = 0;
			defaultConfigurationName = Release;
		};
		17D85FC028BBECA900C42970 /* Build configuration list for PBXNativeTarget "AuthenticationApp" */ = {
			isa = XCConfigurationList;
			buildConfigurations = (
				17D85FBE28BBECA900C42970 /* Debug */,
				17D85FBF28BBECA900C42970 /* Release */,
			);
			defaultConfigurationIsVisible = 0;
			defaultConfigurationName = Release;
		};
		17D85FE228BBF5C700C42970 /* Build configuration list for PBXNativeTarget "TodoApp" */ = {
			isa = XCConfigurationList;
			buildConfigurations = (
				17D85FE328BBF5C700C42970 /* Debug */,
				17D85FE428BBF5C700C42970 /* Release */,
			);
			defaultConfigurationIsVisible = 0;
			defaultConfigurationName = Release;
		};
		17D8601C28BBF9F300C42970 /* Build configuration list for PBXNativeTarget "RootApp" */ = {
			isa = XCConfigurationList;
			buildConfigurations = (
				17D8601D28BBF9F300C42970 /* Debug */,
				17D8601E28BBF9F300C42970 /* Release */,
			);
			defaultConfigurationIsVisible = 0;
			defaultConfigurationName = Release;
		};
/* End XCConfigurationList section */

/* Begin XCSwiftPackageProductDependency section */
		172DB19C29550DE7001BB2AD /* Authentication */ = {
			isa = XCSwiftPackageProductDependency;
			productName = Authentication;
		};
		1764FE0A28BC067B004AAD5E /* Root */ = {
			isa = XCSwiftPackageProductDependency;
			productName = Root;
		};
		17D85FEF28BBF64600C42970 /* Todo */ = {
			isa = XCSwiftPackageProductDependency;
			productName = Todo;
		};
		17D8602828BBFAB700C42970 /* Root */ = {
			isa = XCSwiftPackageProductDependency;
			productName = Root;
		};
/* End XCSwiftPackageProductDependency section */
	};
	rootObject = 170B0CF528A6DDF40033029D /* Project object */;
}
