// !$*UTF8*$!
{
	archiveVersion = 1;
	classes = {
	};
	objectVersion = 55;
	objects = {

/* Begin PBXBuildFile section */
		1742EFCB2A13D08400E07F06 /* Root in Frameworks */ = {isa = PBXBuildFile; productRef = 1742EFCA2A13D08400E07F06 /* Root */; };
		17D00CBE29FC8E4E00325B4E /* RootApp.swift in Sources */ = {isa = PBXBuildFile; fileRef = 17D00CB829FC8DCB00325B4E /* RootApp.swift */; };
		17D00CBF29FC8E5200325B4E /* RootAppDelegate.swift in Sources */ = {isa = PBXBuildFile; fileRef = 17D00CBA29FC8DD100325B4E /* RootAppDelegate.swift */; };
		17D00CC429FD426A00325B4E /* AppDelegate.swift in Sources */ = {isa = PBXBuildFile; fileRef = 1787621728C0F81A0079A32C /* AppDelegate.swift */; };
/* End PBXBuildFile section */

/* Begin PBXFileReference section */
		17209CD329BBC8D800C224A6 /* RootApp.app */ = {isa = PBXFileReference; explicitFileType = wrapper.application; includeInIndex = 0; path = RootApp.app; sourceTree = BUILT_PRODUCTS_DIR; };
		175048902A19772D00BF2F3C /* Demo List Tests.xctestplan */ = {isa = PBXFileReference; lastKnownFileType = text; path = "Demo List Tests.xctestplan"; sourceTree = "<group>"; };
		1758E7D82A151FB500E284CC /* Models */ = {isa = PBXFileReference; lastKnownFileType = wrapper; name = Models; path = Modules/Models; sourceTree = "<group>"; };
		1764FE4728BC1FF1004AAD5E /* AppFlowTests.swift */ = {isa = PBXFileReference; fileEncoding = 4; lastKnownFileType = sourcecode.swift; path = AppFlowTests.swift; sourceTree = "<group>"; };
		1787621728C0F81A0079A32C /* AppDelegate.swift */ = {isa = PBXFileReference; lastKnownFileType = sourcecode.swift; path = AppDelegate.swift; sourceTree = "<group>"; };
		17AD6D8B2A195E12005095A1 /* Demo Tests.xctestplan */ = {isa = PBXFileReference; lastKnownFileType = text; path = "Demo Tests.xctestplan"; sourceTree = "<group>"; };
		17D00CB729FC79D900325B4E /* Info.plist */ = {isa = PBXFileReference; lastKnownFileType = text.plist.xml; path = Info.plist; sourceTree = "<group>"; };
		17D00CB829FC8DCB00325B4E /* RootApp.swift */ = {isa = PBXFileReference; lastKnownFileType = sourcecode.swift; path = RootApp.swift; sourceTree = "<group>"; };
		17D00CBA29FC8DD100325B4E /* RootAppDelegate.swift */ = {isa = PBXFileReference; lastKnownFileType = sourcecode.swift; path = RootAppDelegate.swift; sourceTree = "<group>"; };
		17D85FC328BBED8200C42970 /* Features */ = {isa = PBXFileReference; lastKnownFileType = wrapper; name = Features; path = Modules/Features; sourceTree = "<group>"; };
		17FC53172A18428000EB29D2 /* Counter Tests.xctestplan */ = {isa = PBXFileReference; lastKnownFileType = text; path = "Counter Tests.xctestplan"; sourceTree = "<group>"; };
		17FC53182A1842AE00EB29D2 /* Unit Tests.xctestplan */ = {isa = PBXFileReference; lastKnownFileType = text; path = "Unit Tests.xctestplan"; sourceTree = "<group>"; };
		17FD73982A1841750084703A /* Root Tests.xctestplan */ = {isa = PBXFileReference; lastKnownFileType = text; path = "Root Tests.xctestplan"; sourceTree = "<group>"; };
/* End PBXFileReference section */

/* Begin PBXFrameworksBuildPhase section */
		17D85FDF28BBF5C700C42970 /* Frameworks */ = {
			isa = PBXFrameworksBuildPhase;
			buildActionMask = 2147483647;
			files = (
				1742EFCB2A13D08400E07F06 /* Root in Frameworks */,
			);
			runOnlyForDeploymentPostprocessing = 0;
		};
/* End PBXFrameworksBuildPhase section */

/* Begin PBXGroup section */
		170B0CF428A6DDF40033029D = {
			isa = PBXGroup;
			children = (
				1749DCCE28BB886300C4AFC9 /* Modules */,
				1764FE4D28BC2908004AAD5E /* Tests */,
				17FD73972A18416F0084703A /* Test Plans */,
				17D85FEB28BBF62100C42970 /* Apps */,
				17209CD329BBC8D800C224A6 /* RootApp.app */,
			);
			sourceTree = "<group>";
		};
		1749DCCE28BB886300C4AFC9 /* Modules */ = {
			isa = PBXGroup;
			children = (
				1758E7D82A151FB500E284CC /* Models */,
				17D85FC328BBED8200C42970 /* Features */,
			);
			name = Modules;
			sourceTree = "<group>";
		};
		1764FDF628BC042F004AAD5E /* Integration Tests */ = {
			isa = PBXGroup;
			children = (
				1764FE4728BC1FF1004AAD5E /* AppFlowTests.swift */,
			);
			path = "Integration Tests";
			sourceTree = "<group>";
		};
		1764FE4D28BC2908004AAD5E /* Tests */ = {
			isa = PBXGroup;
			children = (
				17D85FF928BBF7A000C42970 /* UI Tests */,
				1764FDF628BC042F004AAD5E /* Integration Tests */,
			);
			path = Tests;
			sourceTree = "<group>";
		};
		17D00CB529FC79C200325B4E /* Root App */ = {
			isa = PBXGroup;
			children = (
				17D00CB629FC79D900325B4E /* Resources */,
				17D00CB829FC8DCB00325B4E /* RootApp.swift */,
				17D00CBA29FC8DD100325B4E /* RootAppDelegate.swift */,
			);
			path = "Root App";
			sourceTree = "<group>";
		};
		17D00CB629FC79D900325B4E /* Resources */ = {
			isa = PBXGroup;
			children = (
				17D00CB729FC79D900325B4E /* Info.plist */,
			);
			path = Resources;
			sourceTree = "<group>";
		};
		17D85FEB28BBF62100C42970 /* Apps */ = {
			isa = PBXGroup;
			children = (
				1787621728C0F81A0079A32C /* AppDelegate.swift */,
				17D00CB529FC79C200325B4E /* Root App */,
			);
			path = Apps;
			sourceTree = "<group>";
		};
		17D85FF928BBF7A000C42970 /* UI Tests */ = {
			isa = PBXGroup;
			children = (
			);
			path = "UI Tests";
			sourceTree = "<group>";
		};
		17FD73972A18416F0084703A /* Test Plans */ = {
			isa = PBXGroup;
			children = (
				17FC53182A1842AE00EB29D2 /* Unit Tests.xctestplan */,
				17AD6D8B2A195E12005095A1 /* Demo Tests.xctestplan */,
				17FD73982A1841750084703A /* Root Tests.xctestplan */,
				175048902A19772D00BF2F3C /* Demo List Tests.xctestplan */,
				17FC53172A18428000EB29D2 /* Counter Tests.xctestplan */,
			);
			path = "Test Plans";
			sourceTree = "<group>";
		};
/* End PBXGroup section */

/* Begin PBXNativeTarget section */
		17D85FDA28BBF5C700C42970 /* RootApp */ = {
			isa = PBXNativeTarget;
			buildConfigurationList = 17D85FE228BBF5C700C42970 /* Build configuration list for PBXNativeTarget "RootApp" */;
			buildPhases = (
				17D85FDC28BBF5C700C42970 /* Sources */,
				17D85FDF28BBF5C700C42970 /* Frameworks */,
				17D85FE128BBF5C700C42970 /* Resources */,
			);
			buildRules = (
			);
			dependencies = (
			);
			name = RootApp;
			packageProductDependencies = (
				1742EFCA2A13D08400E07F06 /* Root */,
			);
			productName = WelcomeApp;
			productReference = 17209CD329BBC8D800C224A6 /* RootApp.app */;
			productType = "com.apple.product-type.application";
		};
/* End PBXNativeTarget section */

/* Begin PBXProject section */
		170B0CF528A6DDF40033029D /* Project object */ = {
			isa = PBXProject;
			attributes = {
				BuildIndependentTargetsInParallel = 1;
				LastSwiftUpdateCheck = 1430;
				LastUpgradeCheck = 1330;
			};
			buildConfigurationList = 170B0CF828A6DDF40033029D /* Build configuration list for PBXProject "Coven" */;
			compatibilityVersion = "Xcode 13.0";
			developmentRegion = en;
			hasScannedForEncodings = 0;
			knownRegions = (
				en,
				Base,
			);
			mainGroup = 170B0CF428A6DDF40033029D;
			packageReferences = (
			);
			productRefGroup = 170B0CF428A6DDF40033029D;
			projectDirPath = "";
			projectRoot = "";
			targets = (
				17D85FDA28BBF5C700C42970 /* RootApp */,
			);
		};
/* End PBXProject section */

/* Begin PBXResourcesBuildPhase section */
		17D85FE128BBF5C700C42970 /* Resources */ = {
			isa = PBXResourcesBuildPhase;
			buildActionMask = 2147483647;
			files = (
			);
			runOnlyForDeploymentPostprocessing = 0;
		};
/* End PBXResourcesBuildPhase section */

/* Begin PBXSourcesBuildPhase section */
		17D85FDC28BBF5C700C42970 /* Sources */ = {
			isa = PBXSourcesBuildPhase;
			buildActionMask = 2147483647;
			files = (
				17D00CC429FD426A00325B4E /* AppDelegate.swift in Sources */,
				17D00CBE29FC8E4E00325B4E /* RootApp.swift in Sources */,
				17D00CBF29FC8E5200325B4E /* RootAppDelegate.swift in Sources */,
			);
			runOnlyForDeploymentPostprocessing = 0;
		};
/* End PBXSourcesBuildPhase section */

/* Begin XCBuildConfiguration section */
		170B0D2528A6DDF60033029D /* Debug */ = {
			isa = XCBuildConfiguration;
			buildSettings = {
				ALWAYS_SEARCH_USER_PATHS = NO;
				CLANG_ANALYZER_LOCALIZABILITY_NONLOCALIZED = YES;
				CLANG_ANALYZER_NONNULL = YES;
				CLANG_ANALYZER_NUMBER_OBJECT_CONVERSION = YES_AGGRESSIVE;
				CLANG_CXX_LANGUAGE_STANDARD = "gnu++17";
				CLANG_ENABLE_MODULES = YES;
				CLANG_ENABLE_OBJC_ARC = YES;
				CLANG_ENABLE_OBJC_WEAK = YES;
				CLANG_WARN_BLOCK_CAPTURE_AUTORELEASING = YES;
				CLANG_WARN_BOOL_CONVERSION = YES;
				CLANG_WARN_COMMA = YES;
				CLANG_WARN_CONSTANT_CONVERSION = YES;
				CLANG_WARN_DEPRECATED_OBJC_IMPLEMENTATIONS = YES;
				CLANG_WARN_DIRECT_OBJC_ISA_USAGE = YES_ERROR;
				CLANG_WARN_DOCUMENTATION_COMMENTS = YES;
				CLANG_WARN_EMPTY_BODY = YES;
				CLANG_WARN_ENUM_CONVERSION = YES;
				CLANG_WARN_INFINITE_RECURSION = YES;
				CLANG_WARN_INT_CONVERSION = YES;
				CLANG_WARN_NON_LITERAL_NULL_CONVERSION = YES;
				CLANG_WARN_OBJC_IMPLICIT_RETAIN_SELF = YES;
				CLANG_WARN_OBJC_LITERAL_CONVERSION = YES;
				CLANG_WARN_OBJC_ROOT_CLASS = YES_ERROR;
				CLANG_WARN_QUOTED_INCLUDE_IN_FRAMEWORK_HEADER = YES;
				CLANG_WARN_RANGE_LOOP_ANALYSIS = YES;
				CLANG_WARN_STRICT_PROTOTYPES = YES;
				CLANG_WARN_SUSPICIOUS_MOVE = YES;
				CLANG_WARN_UNGUARDED_AVAILABILITY = YES_AGGRESSIVE;
				CLANG_WARN_UNREACHABLE_CODE = YES;
				CLANG_WARN__DUPLICATE_METHOD_MATCH = YES;
				COPY_PHASE_STRIP = NO;
				DEBUG_INFORMATION_FORMAT = dwarf;
				ENABLE_STRICT_OBJC_MSGSEND = YES;
				ENABLE_TESTABILITY = YES;
				GCC_C_LANGUAGE_STANDARD = gnu11;
				GCC_DYNAMIC_NO_PIC = NO;
				GCC_NO_COMMON_BLOCKS = YES;
				GCC_OPTIMIZATION_LEVEL = 0;
				GCC_PREPROCESSOR_DEFINITIONS = (
					"DEBUG=1",
					"$(inherited)",
				);
				GCC_WARN_64_TO_32_BIT_CONVERSION = YES;
				GCC_WARN_ABOUT_RETURN_TYPE = YES_ERROR;
				GCC_WARN_UNDECLARED_SELECTOR = YES;
				GCC_WARN_UNINITIALIZED_AUTOS = YES_AGGRESSIVE;
				GCC_WARN_UNUSED_FUNCTION = YES;
				GCC_WARN_UNUSED_VARIABLE = YES;
				IPHONEOS_DEPLOYMENT_TARGET = 15.4;
				MTL_ENABLE_DEBUG_INFO = INCLUDE_SOURCE;
				MTL_FAST_MATH = YES;
				ONLY_ACTIVE_ARCH = YES;
				SDKROOT = iphoneos;
				SWIFT_ACTIVE_COMPILATION_CONDITIONS = DEBUG;
				SWIFT_OPTIMIZATION_LEVEL = "-Onone";
			};
			name = Debug;
		};
		170B0D2628A6DDF60033029D /* Release */ = {
			isa = XCBuildConfiguration;
			buildSettings = {
				ALWAYS_SEARCH_USER_PATHS = NO;
				CLANG_ANALYZER_LOCALIZABILITY_NONLOCALIZED = YES;
				CLANG_ANALYZER_NONNULL = YES;
				CLANG_ANALYZER_NUMBER_OBJECT_CONVERSION = YES_AGGRESSIVE;
				CLANG_CXX_LANGUAGE_STANDARD = "gnu++17";
				CLANG_ENABLE_MODULES = YES;
				CLANG_ENABLE_OBJC_ARC = YES;
				CLANG_ENABLE_OBJC_WEAK = YES;
				CLANG_WARN_BLOCK_CAPTURE_AUTORELEASING = YES;
				CLANG_WARN_BOOL_CONVERSION = YES;
				CLANG_WARN_COMMA = YES;
				CLANG_WARN_CONSTANT_CONVERSION = YES;
				CLANG_WARN_DEPRECATED_OBJC_IMPLEMENTATIONS = YES;
				CLANG_WARN_DIRECT_OBJC_ISA_USAGE = YES_ERROR;
				CLANG_WARN_DOCUMENTATION_COMMENTS = YES;
				CLANG_WARN_EMPTY_BODY = YES;
				CLANG_WARN_ENUM_CONVERSION = YES;
				CLANG_WARN_INFINITE_RECURSION = YES;
				CLANG_WARN_INT_CONVERSION = YES;
				CLANG_WARN_NON_LITERAL_NULL_CONVERSION = YES;
				CLANG_WARN_OBJC_IMPLICIT_RETAIN_SELF = YES;
				CLANG_WARN_OBJC_LITERAL_CONVERSION = YES;
				CLANG_WARN_OBJC_ROOT_CLASS = YES_ERROR;
				CLANG_WARN_QUOTED_INCLUDE_IN_FRAMEWORK_HEADER = YES;
				CLANG_WARN_RANGE_LOOP_ANALYSIS = YES;
				CLANG_WARN_STRICT_PROTOTYPES = YES;
				CLANG_WARN_SUSPICIOUS_MOVE = YES;
				CLANG_WARN_UNGUARDED_AVAILABILITY = YES_AGGRESSIVE;
				CLANG_WARN_UNREACHABLE_CODE = YES;
				CLANG_WARN__DUPLICATE_METHOD_MATCH = YES;
				COPY_PHASE_STRIP = NO;
				DEBUG_INFORMATION_FORMAT = "dwarf-with-dsym";
				ENABLE_NS_ASSERTIONS = NO;
				ENABLE_STRICT_OBJC_MSGSEND = YES;
				GCC_C_LANGUAGE_STANDARD = gnu11;
				GCC_NO_COMMON_BLOCKS = YES;
				GCC_WARN_64_TO_32_BIT_CONVERSION = YES;
				GCC_WARN_ABOUT_RETURN_TYPE = YES_ERROR;
				GCC_WARN_UNDECLARED_SELECTOR = YES;
				GCC_WARN_UNINITIALIZED_AUTOS = YES_AGGRESSIVE;
				GCC_WARN_UNUSED_FUNCTION = YES;
				GCC_WARN_UNUSED_VARIABLE = YES;
				IPHONEOS_DEPLOYMENT_TARGET = 15.4;
				MTL_ENABLE_DEBUG_INFO = NO;
				MTL_FAST_MATH = YES;
				SDKROOT = iphoneos;
				SWIFT_COMPILATION_MODE = wholemodule;
				SWIFT_OPTIMIZATION_LEVEL = "-O";
				VALIDATE_PRODUCT = YES;
			};
			name = Release;
		};
		17D85FE328BBF5C700C42970 /* Debug */ = {
			isa = XCBuildConfiguration;
			buildSettings = {
				ASSETCATALOG_COMPILER_APPICON_NAME = AppIcon;
				ASSETCATALOG_COMPILER_GLOBAL_ACCENT_COLOR_NAME = AccentColor;
				CLANG_CXX_LANGUAGE_STANDARD = "gnu++20";
				CODE_SIGN_STYLE = Automatic;
				CURRENT_PROJECT_VERSION = 1;
				GENERATE_INFOPLIST_FILE = YES;
				INFOPLIST_FILE = "Apps/Root App/Resources/Info.plist";
				INFOPLIST_KEY_CFBundleDisplayName = "Workflow Demo";
				INFOPLIST_KEY_UIApplicationSupportsIndirectInputEvents = YES;
				INFOPLIST_KEY_UILaunchScreen_Generation = YES;
				INFOPLIST_KEY_UISupportedInterfaceOrientations = "UIInterfaceOrientationLandscapeLeft UIInterfaceOrientationLandscapeRight UIInterfaceOrientationPortrait";
				INFOPLIST_KEY_UISupportedInterfaceOrientations_iPad = "UIInterfaceOrientationLandscapeLeft UIInterfaceOrientationLandscapeRight UIInterfaceOrientationPortrait UIInterfaceOrientationPortraitUpsideDown";
				IPHONEOS_DEPLOYMENT_TARGET = 16.0;
				LD_RUNPATH_SEARCH_PATHS = (
					"$(inherited)",
					"@executable_path/Frameworks",
				);
				MARKETING_VERSION = 1.0;
				OTHER_LDFLAGS = (
					"-Xlinker",
					"-interposable",
				);
				PRODUCT_BUNDLE_IDENTIFIER = com.fleuronic.WorkflowDemo;
				PRODUCT_NAME = "$(TARGET_NAME)";
				SWIFT_EMIT_LOC_STRINGS = YES;
				SWIFT_VERSION = 5.0;
				TARGETED_DEVICE_FAMILY = "1,2";
			};
			name = Debug;
		};
		17D85FE428BBF5C700C42970 /* Release */ = {
			isa = XCBuildConfiguration;
			buildSettings = {
				ASSETCATALOG_COMPILER_APPICON_NAME = AppIcon;
				ASSETCATALOG_COMPILER_GLOBAL_ACCENT_COLOR_NAME = AccentColor;
				CLANG_CXX_LANGUAGE_STANDARD = "gnu++20";
				CODE_SIGN_STYLE = Automatic;
				CURRENT_PROJECT_VERSION = 1;
				GENERATE_INFOPLIST_FILE = YES;
				INFOPLIST_FILE = "Apps/Root App/Resources/Info.plist";
				INFOPLIST_KEY_CFBundleDisplayName = "Workflow Demo";
				INFOPLIST_KEY_UIApplicationSupportsIndirectInputEvents = YES;
				INFOPLIST_KEY_UILaunchScreen_Generation = YES;
				INFOPLIST_KEY_UISupportedInterfaceOrientations = "UIInterfaceOrientationLandscapeLeft UIInterfaceOrientationLandscapeRight UIInterfaceOrientationPortrait";
				INFOPLIST_KEY_UISupportedInterfaceOrientations_iPad = "UIInterfaceOrientationLandscapeLeft UIInterfaceOrientationLandscapeRight UIInterfaceOrientationPortrait UIInterfaceOrientationPortraitUpsideDown";
				IPHONEOS_DEPLOYMENT_TARGET = 16.0;
				LD_RUNPATH_SEARCH_PATHS = (
					"$(inherited)",
					"@executable_path/Frameworks",
				);
				MARKETING_VERSION = 1.0;
				OTHER_LDFLAGS = (
					"-Xlinker",
					"-interposable",
				);
				PRODUCT_BUNDLE_IDENTIFIER = com.fleuronic.WorkflowDemo;
				PRODUCT_NAME = "$(TARGET_NAME)";
				SWIFT_EMIT_LOC_STRINGS = YES;
				SWIFT_VERSION = 5.0;
				TARGETED_DEVICE_FAMILY = "1,2";
			};
			name = Release;
		};
/* End XCBuildConfiguration section */

/* Begin XCConfigurationList section */
		170B0CF828A6DDF40033029D /* Build configuration list for PBXProject "Coven" */ = {
			isa = XCConfigurationList;
			buildConfigurations = (
				170B0D2528A6DDF60033029D /* Debug */,
				170B0D2628A6DDF60033029D /* Release */,
			);
			defaultConfigurationIsVisible = 0;
			defaultConfigurationName = Release;
		};
		17D85FE228BBF5C700C42970 /* Build configuration list for PBXNativeTarget "RootApp" */ = {
			isa = XCConfigurationList;
			buildConfigurations = (
				17D85FE328BBF5C700C42970 /* Debug */,
				17D85FE428BBF5C700C42970 /* Release */,
			);
			defaultConfigurationIsVisible = 0;
			defaultConfigurationName = Release;
		};
/* End XCConfigurationList section */

/* Begin XCSwiftPackageProductDependency section */
		1742EFCA2A13D08400E07F06 /* Root */ = {
			isa = XCSwiftPackageProductDependency;
			productName = Root;
		};
/* End XCSwiftPackageProductDependency section */
	};
	rootObject = 170B0CF528A6DDF40033029D /* Project object */;
}
